{
  "version": 4,
  "terraform_version": "0.14.8",
  "serial": 59,
  "lineage": "f2141d9a-1c5c-f8ce-91d5-ab68934244bd",
  "outputs": {
    "cluster_endpoint": {
      "value": "https://FDF37487E4E7CF83701F3FDD87F90CE6.yl4.ap-south-1.eks.amazonaws.com",
      "type": "string"
    },
    "cluster_id": {
      "value": "aws-eks-I6x7UUT9",
      "type": "string"
    },
    "cluster_name": {
      "value": "aws-eks-I6x7UUT9",
      "type": "string"
    },
    "config_map_aws_auth": {
      "value": [
        {
          "binary_data": null,
          "data": {
            "mapAccounts": "[]\n",
            "mapRoles": "- \"groups\":\n  - \"system:bootstrappers\"\n  - \"system:nodes\"\n  \"rolearn\": \"arn:aws:iam::951961396593:role/aws-eks-I6x7UUT92021032110564215290000000c\"\n  \"username\": \"system:node:{{EC2PrivateDNSName}}\"\n",
            "mapUsers": "[]\n"
          },
          "id": "kube-system/aws-auth",
          "metadata": [
            {
              "annotations": null,
              "generate_name": "",
              "generation": 0,
              "labels": {
                "app.kubernetes.io/managed-by": "Terraform",
                "terraform.io/module": "terraform-aws-modules.eks.aws"
              },
              "name": "aws-auth",
              "namespace": "kube-system",
              "resource_version": "1194",
              "self_link": "",
              "uid": "491420ba-0f12-44a1-830b-9b92e01a4778"
            }
          ]
        }
      ],
      "type": [
        "tuple",
        [
          [
            "object",
            {
              "binary_data": [
                "map",
                "string"
              ],
              "data": [
                "map",
                "string"
              ],
              "id": "string",
              "metadata": [
                "list",
                [
                  "object",
                  {
                    "annotations": [
                      "map",
                      "string"
                    ],
                    "generate_name": "string",
                    "generation": "number",
                    "labels": [
                      "map",
                      "string"
                    ],
                    "name": "string",
                    "namespace": "string",
                    "resource_version": "string",
                    "self_link": "string",
                    "uid": "string"
                  }
                ]
              ]
            }
          ]
        ]
      ]
    },
    "kubectl_config": {
      "value": "apiVersion: v1\npreferences: {}\nkind: Config\n\nclusters:\n- cluster:\n    server: https://FDF37487E4E7CF83701F3FDD87F90CE6.yl4.ap-south-1.eks.amazonaws.com\n    certificate-authority-data: LS0tLS1CRUdJTiBDRVJUSUZJQ0FURS0tLS0tCk1JSUM1ekNDQWMrZ0F3SUJBZ0lCQURBTkJna3Foa2lHOXcwQkFRc0ZBREFWTVJNd0VRWURWUVFERXdwcmRXSmwKY201bGRHVnpNQjRYRFRJeE1ETXlNVEV3TkRreE5Wb1hEVE14TURNeE9URXdORGt4TlZvd0ZURVRNQkVHQTFVRQpBeE1LYTNWaVpYSnVaWFJsY3pDQ0FTSXdEUVlKS29aSWh2Y05BUUVCQlFBRGdnRVBBRENDQVFvQ2dnRUJBUGc1ClBLY0tob3dpVmsydnY3SDZNSEVwajJjc2tqemZ1UzF0MDlkcHQ1VWFNNFRsa3E0VDVwVzR6NGNUN05Vb2lJVzYKbnNwVHZhS0tSODBpanFCTkMwWUNoSmVrRTdEWFNKekNXYVBwaUZNVkM5MWRpYnZWKzJQNFBLVGMvMUsycnRabgowTUEzUzVJaXRteWtZOFY0UFNBTStqSDdFcVZOZkt2RUVya2NQSVc0WFA3VENkNXQzSXVKMGV0d1RMTVRrTk5sCmFZcjhvWk52UldFMlVvZDJqODIvaWxLOFJJRmREMVpUS3huSTNLTWREUWV0RHN3TzJEanFkUVpRMVlEcUxIclYKekZRdk80L25JUEtQNXhreEk3NTcxQlJlUEFVNWFzMG16ZkhhWXIxeGEzMFBHUnpBNWRtUGxERUt0VEZLNHd4NwpCRjg0RjZkUitOaXNIU0dTYmNzQ0F3RUFBYU5DTUVBd0RnWURWUjBQQVFIL0JBUURBZ0trTUE4R0ExVWRFd0VCCi93UUZNQU1CQWY4d0hRWURWUjBPQkJZRUZHTEpOQjgxVFVpTHUwUmVzR3RwUjBDaE43dDFNQTBHQ1NxR1NJYjMKRFFFQkN3VUFBNElCQVFCQkF5d0pKQUJHRHAyUloyN0xKUnQwSWk5S2Zlc1czL3hlUkt1NzRMelEwUzNGYkUrOQowak5rLzVDSmsxMGViWGxPVHpsb0RNVVZoRFJGUCs2WTQ1UDVUNEdMQkdnckFuNzFIcDRyODFkOEdxdE5ieHFmCnVEek1kaTFZSUJSWE8vSjIwKzU1YUJDanp3SXVSZm5DWFRSemFaMkVDZGNzR0JTSXVhNlc0bWQ0V0x0dGVWdjEKeW1Na1RqeUliMFJ3TTB0aWR5T2NPK3JRSVduNE9xUVRVTnh2aFhVRmkrMEFqbzdoRDJacjlYWXdXQkpRaXZZegpsWmlmeVhFZ3M3b21xbTN1cWozT3psbEtOWDRYUmhlOXNxY2plU044V1ViSWJMdHg4bEZOMzh0OGZaZ3FMQS9qCnN1cjFLdUx2TURkSHhDeWlNZUZhSE5ibDEzQUx4M1NDTGJocQotLS0tLUVORCBDRVJUSUZJQ0FURS0tLS0tCg==\n  name: eks_aws-eks-I6x7UUT9\n\ncontexts:\n- context:\n    cluster: eks_aws-eks-I6x7UUT9\n    user: eks_aws-eks-I6x7UUT9\n  name: eks_aws-eks-I6x7UUT9\n\ncurrent-context: eks_aws-eks-I6x7UUT9\n\nusers:\n- name: eks_aws-eks-I6x7UUT9\n  user:\n    exec:\n      apiVersion: client.authentication.k8s.io/v1alpha1\n      command: aws-iam-authenticator\n      args:\n        - \"token\"\n        - \"-i\"\n        - \"aws-eks-I6x7UUT9\"\n",
      "type": "string"
    },
    "region": {
      "value": "ap-south-1",
      "type": "string"
    }
  },
  "resources": [
    {
      "mode": "data",
      "type": "aws_availability_zones",
      "name": "available",
      "provider": "provider[\"registry.terraform.io/hashicorp/aws\"]",
      "instances": [
        {
          "schema_version": 0,
          "attributes": {
            "all_availability_zones": null,
            "exclude_names": null,
            "exclude_zone_ids": null,
            "filter": null,
            "group_names": [
              "ap-south-1"
            ],
            "id": "ap-south-1",
            "names": [
              "ap-south-1a",
              "ap-south-1b",
              "ap-south-1c"
            ],
            "state": null,
            "zone_ids": [
              "aps1-az1",
              "aps1-az3",
              "aps1-az2"
            ]
          },
          "sensitive_attributes": []
        }
      ]
    },
    {
      "mode": "data",
      "type": "aws_eks_cluster",
      "name": "cluster",
      "provider": "provider[\"registry.terraform.io/hashicorp/aws\"]",
      "instances": [
        {
          "schema_version": 0,
          "attributes": {
            "arn": "arn:aws:eks:ap-south-1:951961396593:cluster/aws-eks-I6x7UUT9",
            "certificate_authority": [
              {
                "data": "LS0tLS1CRUdJTiBDRVJUSUZJQ0FURS0tLS0tCk1JSUM1ekNDQWMrZ0F3SUJBZ0lCQURBTkJna3Foa2lHOXcwQkFRc0ZBREFWTVJNd0VRWURWUVFERXdwcmRXSmwKY201bGRHVnpNQjRYRFRJeE1ETXlNVEV3TkRreE5Wb1hEVE14TURNeE9URXdORGt4TlZvd0ZURVRNQkVHQTFVRQpBeE1LYTNWaVpYSnVaWFJsY3pDQ0FTSXdEUVlKS29aSWh2Y05BUUVCQlFBRGdnRVBBRENDQVFvQ2dnRUJBUGc1ClBLY0tob3dpVmsydnY3SDZNSEVwajJjc2tqemZ1UzF0MDlkcHQ1VWFNNFRsa3E0VDVwVzR6NGNUN05Vb2lJVzYKbnNwVHZhS0tSODBpanFCTkMwWUNoSmVrRTdEWFNKekNXYVBwaUZNVkM5MWRpYnZWKzJQNFBLVGMvMUsycnRabgowTUEzUzVJaXRteWtZOFY0UFNBTStqSDdFcVZOZkt2RUVya2NQSVc0WFA3VENkNXQzSXVKMGV0d1RMTVRrTk5sCmFZcjhvWk52UldFMlVvZDJqODIvaWxLOFJJRmREMVpUS3huSTNLTWREUWV0RHN3TzJEanFkUVpRMVlEcUxIclYKekZRdk80L25JUEtQNXhreEk3NTcxQlJlUEFVNWFzMG16ZkhhWXIxeGEzMFBHUnpBNWRtUGxERUt0VEZLNHd4NwpCRjg0RjZkUitOaXNIU0dTYmNzQ0F3RUFBYU5DTUVBd0RnWURWUjBQQVFIL0JBUURBZ0trTUE4R0ExVWRFd0VCCi93UUZNQU1CQWY4d0hRWURWUjBPQkJZRUZHTEpOQjgxVFVpTHUwUmVzR3RwUjBDaE43dDFNQTBHQ1NxR1NJYjMKRFFFQkN3VUFBNElCQVFCQkF5d0pKQUJHRHAyUloyN0xKUnQwSWk5S2Zlc1czL3hlUkt1NzRMelEwUzNGYkUrOQowak5rLzVDSmsxMGViWGxPVHpsb0RNVVZoRFJGUCs2WTQ1UDVUNEdMQkdnckFuNzFIcDRyODFkOEdxdE5ieHFmCnVEek1kaTFZSUJSWE8vSjIwKzU1YUJDanp3SXVSZm5DWFRSemFaMkVDZGNzR0JTSXVhNlc0bWQ0V0x0dGVWdjEKeW1Na1RqeUliMFJ3TTB0aWR5T2NPK3JRSVduNE9xUVRVTnh2aFhVRmkrMEFqbzdoRDJacjlYWXdXQkpRaXZZegpsWmlmeVhFZ3M3b21xbTN1cWozT3psbEtOWDRYUmhlOXNxY2plU044V1ViSWJMdHg4bEZOMzh0OGZaZ3FMQS9qCnN1cjFLdUx2TURkSHhDeWlNZUZhSE5ibDEzQUx4M1NDTGJocQotLS0tLUVORCBDRVJUSUZJQ0FURS0tLS0tCg=="
              }
            ],
            "created_at": "2021-03-21 10:43:39.635 +0000 UTC",
            "enabled_cluster_log_types": [],
            "endpoint": "https://FDF37487E4E7CF83701F3FDD87F90CE6.yl4.ap-south-1.eks.amazonaws.com",
            "id": "aws-eks-I6x7UUT9",
            "identity": [
              {
                "oidc": [
                  {
                    "issuer": "https://oidc.eks.ap-south-1.amazonaws.com/id/FDF37487E4E7CF83701F3FDD87F90CE6"
                  }
                ]
              }
            ],
            "kubernetes_network_config": [
              {
                "service_ipv4_cidr": "172.20.0.0/16"
              }
            ],
            "name": "aws-eks-I6x7UUT9",
            "platform_version": "eks.2",
            "role_arn": "arn:aws:iam::951961396593:role/aws-eks-I6x7UUT920210321104320391000000001",
            "status": "ACTIVE",
            "tags": {
              "Environment": "development",
              "GitHubOrg": "terraform-aws-modules",
              "GithubRepo": "terraform-aws-eks"
            },
            "version": "1.19",
            "vpc_config": [
              {
                "cluster_security_group_id": "sg-078576523b29c3e4b",
                "endpoint_private_access": false,
                "endpoint_public_access": true,
                "public_access_cidrs": [
                  "0.0.0.0/0"
                ],
                "security_group_ids": [
                  "sg-04f8561ff351fa0df"
                ],
                "subnet_ids": [
                  "subnet-0902b4676c55d6c5a",
                  "subnet-0b3963e88f7060333",
                  "subnet-0db4d4c4a4d55d21e"
                ],
                "vpc_id": "vpc-0c34f072de9c35474"
              }
            ]
          },
          "sensitive_attributes": []
        }
      ]
    },
    {
      "mode": "data",
      "type": "aws_eks_cluster_auth",
      "name": "cluster",
      "provider": "provider[\"registry.terraform.io/hashicorp/aws\"]",
      "instances": [
        {
          "schema_version": 0,
          "attributes": {
            "id": "aws-eks-I6x7UUT9",
            "name": "aws-eks-I6x7UUT9",
            "token": "k8s-aws-v1.aHR0cHM6Ly9zdHMuYW1hem9uYXdzLmNvbS8_QWN0aW9uPUdldENhbGxlcklkZW50aXR5JlZlcnNpb249MjAxMS0wNi0xNSZYLUFtei1BbGdvcml0aG09QVdTNC1ITUFDLVNIQTI1NiZYLUFtei1DcmVkZW50aWFsPUFLSUE1M0pLU0VWWVpLNVhVVE40JTJGMjAyMTAzMjElMkZ1cy1lYXN0LTElMkZzdHMlMkZhd3M0X3JlcXVlc3QmWC1BbXotRGF0ZT0yMDIxMDMyMVQxMDU2NDJaJlgtQW16LUV4cGlyZXM9MCZYLUFtei1TaWduZWRIZWFkZXJzPWhvc3QlM0J4LWs4cy1hd3MtaWQmWC1BbXotU2lnbmF0dXJlPTM2ZDgwY2VmNjFhNGM3ZmQwMGYzZjhlNTRiZWZjNTIxMDBiMmMxNmM2MDExMjJjODQyNWJhYTY0NzVkNWIwMDI"
          },
          "sensitive_attributes": []
        }
      ]
    },
    {
      "mode": "managed",
      "type": "aws_security_group",
      "name": "all_worker_mgmt",
      "provider": "provider[\"registry.terraform.io/hashicorp/aws\"]",
      "instances": [
        {
          "schema_version": 1,
          "attributes": {
            "arn": "arn:aws:ec2:ap-south-1:951961396593:security-group/sg-086bfd017290041c1",
            "description": "Managed by Terraform",
            "egress": [],
            "id": "sg-086bfd017290041c1",
            "ingress": [
              {
                "cidr_blocks": [
                  "10.0.0.0/8",
                  "172.16.0.0/12",
                  "198.168.0.0/16"
                ],
                "description": "",
                "from_port": 22,
                "ipv6_cidr_blocks": [],
                "prefix_list_ids": [],
                "protocol": "tcp",
                "security_groups": [],
                "self": false,
                "to_port": 22
              }
            ],
            "name": "all_worker_mgmt20210321104333997100000008",
            "name_prefix": "all_worker_mgmt",
            "owner_id": "951961396593",
            "revoke_rules_on_delete": false,
            "tags": null,
            "timeouts": null,
            "vpc_id": "vpc-0c34f072de9c35474"
          },
          "sensitive_attributes": [],
          "private": "eyJlMmJmYjczMC1lY2FhLTExZTYtOGY4OC0zNDM2M2JjN2M0YzAiOnsiY3JlYXRlIjo2MDAwMDAwMDAwMDAsImRlbGV0ZSI6NjAwMDAwMDAwMDAwfSwic2NoZW1hX3ZlcnNpb24iOiIxIn0=",
          "dependencies": [
            "module.vpc.aws_vpc.this",
            "random_string.suffix"
          ]
        }
      ]
    },
    {
      "mode": "managed",
      "type": "aws_security_group",
      "name": "worker_group_mgmt_one",
      "provider": "provider[\"registry.terraform.io/hashicorp/aws\"]",
      "instances": [
        {
          "schema_version": 1,
          "attributes": {
            "arn": "arn:aws:ec2:ap-south-1:951961396593:security-group/sg-0c3040c3eebd93ce0",
            "description": "Managed by Terraform",
            "egress": [],
            "id": "sg-0c3040c3eebd93ce0",
            "ingress": [
              {
                "cidr_blocks": [
                  "10.0.0.0/8"
                ],
                "description": "",
                "from_port": 22,
                "ipv6_cidr_blocks": [],
                "prefix_list_ids": [],
                "protocol": "tcp",
                "security_groups": [],
                "self": false,
                "to_port": 22
              }
            ],
            "name": "worker_group_mgmt_one20210321104334002800000009",
            "name_prefix": "worker_group_mgmt_one",
            "owner_id": "951961396593",
            "revoke_rules_on_delete": false,
            "tags": null,
            "timeouts": null,
            "vpc_id": "vpc-0c34f072de9c35474"
          },
          "sensitive_attributes": [],
          "private": "eyJlMmJmYjczMC1lY2FhLTExZTYtOGY4OC0zNDM2M2JjN2M0YzAiOnsiY3JlYXRlIjo2MDAwMDAwMDAwMDAsImRlbGV0ZSI6NjAwMDAwMDAwMDAwfSwic2NoZW1hX3ZlcnNpb24iOiIxIn0=",
          "dependencies": [
            "module.vpc.aws_vpc.this",
            "random_string.suffix"
          ],
          "create_before_destroy": true
        }
      ]
    },
    {
      "mode": "managed",
      "type": "aws_security_group",
      "name": "worker_group_mgmt_two",
      "provider": "provider[\"registry.terraform.io/hashicorp/aws\"]",
      "instances": [
        {
          "schema_version": 1,
          "attributes": {
            "arn": "arn:aws:ec2:ap-south-1:951961396593:security-group/sg-00104ecbab9002a07",
            "description": "Managed by Terraform",
            "egress": [],
            "id": "sg-00104ecbab9002a07",
            "ingress": [
              {
                "cidr_blocks": [
                  "192.168.0.0/16"
                ],
                "description": "",
                "from_port": 22,
                "ipv6_cidr_blocks": [],
                "prefix_list_ids": [],
                "protocol": "tcp",
                "security_groups": [],
                "self": false,
                "to_port": 22
              }
            ],
            "name": "woker_group_mgmt_two20210321104333203700000007",
            "name_prefix": "woker_group_mgmt_two",
            "owner_id": "951961396593",
            "revoke_rules_on_delete": false,
            "tags": null,
            "timeouts": null,
            "vpc_id": "vpc-0c34f072de9c35474"
          },
          "sensitive_attributes": [],
          "private": "eyJlMmJmYjczMC1lY2FhLTExZTYtOGY4OC0zNDM2M2JjN2M0YzAiOnsiY3JlYXRlIjo2MDAwMDAwMDAwMDAsImRlbGV0ZSI6NjAwMDAwMDAwMDAwfSwic2NoZW1hX3ZlcnNpb24iOiIxIn0=",
          "dependencies": [
            "module.vpc.aws_vpc.this",
            "random_string.suffix"
          ],
          "create_before_destroy": true
        }
      ]
    },
    {
      "mode": "managed",
      "type": "random_string",
      "name": "suffix",
      "provider": "provider[\"registry.terraform.io/hashicorp/random\"]",
      "instances": [
        {
          "schema_version": 1,
          "attributes": {
            "id": "I6x7UUT9",
            "keepers": null,
            "length": 8,
            "lower": true,
            "min_lower": 0,
            "min_numeric": 0,
            "min_special": 0,
            "min_upper": 0,
            "number": true,
            "override_special": null,
            "result": "I6x7UUT9",
            "special": false,
            "upper": true
          },
          "sensitive_attributes": [],
          "private": "eyJzY2hlbWFfdmVyc2lvbiI6IjEifQ==",
          "create_before_destroy": true
        }
      ]
    },
    {
      "module": "module.eks",
      "mode": "data",
      "type": "aws_ami",
      "name": "eks_worker",
      "provider": "provider[\"registry.terraform.io/hashicorp/aws\"]",
      "instances": [
        {
          "schema_version": 0,
          "attributes": {
            "architecture": "x86_64",
            "arn": "arn:aws:ec2:ap-south-1::image/ami-099b297c3f5b37a04",
            "block_device_mappings": [
              {
                "device_name": "/dev/xvda",
                "ebs": {
                  "delete_on_termination": "true",
                  "encrypted": "false",
                  "iops": "0",
                  "snapshot_id": "snap-0e9581fd643981e2a",
                  "throughput": "0",
                  "volume_size": "20",
                  "volume_type": "gp2"
                },
                "no_device": "",
                "virtual_name": ""
              }
            ],
            "creation_date": "2021-03-10T21:45:42.000Z",
            "description": "EKS Kubernetes Worker AMI with AmazonLinux2 image, (k8s: 1.19.6, docker: 19.03.13ce-1.amzn2, containerd: 1.4.1-2.amzn2)",
            "ena_support": true,
            "executable_users": null,
            "filter": [
              {
                "name": "name",
                "values": [
                  "amazon-eks-node-1.19-v*"
                ]
              }
            ],
            "hypervisor": "xen",
            "id": "ami-099b297c3f5b37a04",
            "image_id": "ami-099b297c3f5b37a04",
            "image_location": "amazon/amazon-eks-node-1.19-v20210310",
            "image_owner_alias": "amazon",
            "image_type": "machine",
            "kernel_id": null,
            "most_recent": true,
            "name": "amazon-eks-node-1.19-v20210310",
            "name_regex": null,
            "owner_id": "602401143452",
            "owners": [
              "amazon"
            ],
            "platform": null,
            "platform_details": "Linux/UNIX",
            "product_codes": [],
            "public": true,
            "ramdisk_id": null,
            "root_device_name": "/dev/xvda",
            "root_device_type": "ebs",
            "root_snapshot_id": "snap-0e9581fd643981e2a",
            "sriov_net_support": "simple",
            "state": "available",
            "state_reason": {
              "code": "UNSET",
              "message": "UNSET"
            },
            "tags": {},
            "usage_operation": "RunInstances",
            "virtualization_type": "hvm"
          },
          "sensitive_attributes": []
        }
      ]
    },
    {
      "module": "module.eks",
      "mode": "data",
      "type": "aws_ami",
      "name": "eks_worker_windows",
      "provider": "provider[\"registry.terraform.io/hashicorp/aws\"]",
      "instances": [
        {
          "schema_version": 0,
          "attributes": {
            "architecture": "x86_64",
            "arn": "arn:aws:ec2:ap-south-1::image/ami-0337b662db0241a94",
            "block_device_mappings": [
              {
                "device_name": "/dev/sda1",
                "ebs": {
                  "delete_on_termination": "true",
                  "encrypted": "false",
                  "iops": "0",
                  "snapshot_id": "snap-085b7810950346a14",
                  "throughput": "0",
                  "volume_size": "50",
                  "volume_type": "gp2"
                },
                "no_device": "",
                "virtual_name": ""
              },
              {
                "device_name": "xvdca",
                "ebs": {},
                "no_device": "",
                "virtual_name": "ephemeral0"
              },
              {
                "device_name": "xvdcb",
                "ebs": {},
                "no_device": "",
                "virtual_name": "ephemeral1"
              },
              {
                "device_name": "xvdcc",
                "ebs": {},
                "no_device": "",
                "virtual_name": "ephemeral2"
              },
              {
                "device_name": "xvdcd",
                "ebs": {},
                "no_device": "",
                "virtual_name": "ephemeral3"
              },
              {
                "device_name": "xvdce",
                "ebs": {},
                "no_device": "",
                "virtual_name": "ephemeral4"
              },
              {
                "device_name": "xvdcf",
                "ebs": {},
                "no_device": "",
                "virtual_name": "ephemeral5"
              },
              {
                "device_name": "xvdcg",
                "ebs": {},
                "no_device": "",
                "virtual_name": "ephemeral6"
              },
              {
                "device_name": "xvdch",
                "ebs": {},
                "no_device": "",
                "virtual_name": "ephemeral7"
              },
              {
                "device_name": "xvdci",
                "ebs": {},
                "no_device": "",
                "virtual_name": "ephemeral8"
              },
              {
                "device_name": "xvdcj",
                "ebs": {},
                "no_device": "",
                "virtual_name": "ephemeral9"
              },
              {
                "device_name": "xvdck",
                "ebs": {},
                "no_device": "",
                "virtual_name": "ephemeral10"
              },
              {
                "device_name": "xvdcl",
                "ebs": {},
                "no_device": "",
                "virtual_name": "ephemeral11"
              },
              {
                "device_name": "xvdcm",
                "ebs": {},
                "no_device": "",
                "virtual_name": "ephemeral12"
              },
              {
                "device_name": "xvdcn",
                "ebs": {},
                "no_device": "",
                "virtual_name": "ephemeral13"
              },
              {
                "device_name": "xvdco",
                "ebs": {},
                "no_device": "",
                "virtual_name": "ephemeral14"
              },
              {
                "device_name": "xvdcp",
                "ebs": {},
                "no_device": "",
                "virtual_name": "ephemeral15"
              },
              {
                "device_name": "xvdcq",
                "ebs": {},
                "no_device": "",
                "virtual_name": "ephemeral16"
              },
              {
                "device_name": "xvdcr",
                "ebs": {},
                "no_device": "",
                "virtual_name": "ephemeral17"
              },
              {
                "device_name": "xvdcs",
                "ebs": {},
                "no_device": "",
                "virtual_name": "ephemeral18"
              },
              {
                "device_name": "xvdct",
                "ebs": {},
                "no_device": "",
                "virtual_name": "ephemeral19"
              },
              {
                "device_name": "xvdcu",
                "ebs": {},
                "no_device": "",
                "virtual_name": "ephemeral20"
              },
              {
                "device_name": "xvdcv",
                "ebs": {},
                "no_device": "",
                "virtual_name": "ephemeral21"
              },
              {
                "device_name": "xvdcw",
                "ebs": {},
                "no_device": "",
                "virtual_name": "ephemeral22"
              },
              {
                "device_name": "xvdcx",
                "ebs": {},
                "no_device": "",
                "virtual_name": "ephemeral23"
              },
              {
                "device_name": "xvdcy",
                "ebs": {},
                "no_device": "",
                "virtual_name": "ephemeral24"
              },
              {
                "device_name": "xvdcz",
                "ebs": {},
                "no_device": "",
                "virtual_name": "ephemeral25"
              }
            ],
            "creation_date": "2021-03-11T22:18:01.000Z",
            "description": "Microsoft Windows Server 2019 Core optimized for EKS and provided by Amazon",
            "ena_support": true,
            "executable_users": null,
            "filter": [
              {
                "name": "name",
                "values": [
                  "Windows_Server-2019-English-Core-EKS_Optimized-1.19-*"
                ]
              },
              {
                "name": "platform",
                "values": [
                  "windows"
                ]
              }
            ],
            "hypervisor": "xen",
            "id": "ami-0337b662db0241a94",
            "image_id": "ami-0337b662db0241a94",
            "image_location": "amazon/Windows_Server-2019-English-Core-EKS_Optimized-1.19-2021.03.10",
            "image_owner_alias": "amazon",
            "image_type": "machine",
            "kernel_id": null,
            "most_recent": true,
            "name": "Windows_Server-2019-English-Core-EKS_Optimized-1.19-2021.03.10",
            "name_regex": null,
            "owner_id": "801119661308",
            "owners": [
              "amazon"
            ],
            "platform": "windows",
            "platform_details": "Windows",
            "product_codes": [],
            "public": true,
            "ramdisk_id": null,
            "root_device_name": "/dev/sda1",
            "root_device_type": "ebs",
            "root_snapshot_id": "snap-085b7810950346a14",
            "sriov_net_support": "simple",
            "state": "available",
            "state_reason": {
              "code": "UNSET",
              "message": "UNSET"
            },
            "tags": {},
            "usage_operation": "RunInstances:0002",
            "virtualization_type": "hvm"
          },
          "sensitive_attributes": []
        }
      ]
    },
    {
      "module": "module.eks",
      "mode": "data",
      "type": "aws_caller_identity",
      "name": "current",
      "provider": "provider[\"registry.terraform.io/hashicorp/aws\"]",
      "instances": [
        {
          "schema_version": 0,
          "attributes": {
            "account_id": "951961396593",
            "arn": "arn:aws:iam::951961396593:user/admin",
            "id": "951961396593",
            "user_id": "AIDA53JKSEVY5WX6UEE2Y"
          },
          "sensitive_attributes": []
        }
      ]
    },
    {
      "module": "module.eks",
      "mode": "data",
      "type": "aws_iam_policy_document",
      "name": "cluster_assume_role_policy",
      "provider": "provider[\"registry.terraform.io/hashicorp/aws\"]",
      "instances": [
        {
          "schema_version": 0,
          "attributes": {
            "id": "2764486067",
            "json": "{\n  \"Version\": \"2012-10-17\",\n  \"Statement\": [\n    {\n      \"Sid\": \"EKSClusterAssumeRole\",\n      \"Effect\": \"Allow\",\n      \"Action\": \"sts:AssumeRole\",\n      \"Principal\": {\n        \"Service\": \"eks.amazonaws.com\"\n      }\n    }\n  ]\n}",
            "override_json": null,
            "override_policy_documents": null,
            "policy_id": null,
            "source_json": null,
            "source_policy_documents": null,
            "statement": [
              {
                "actions": [
                  "sts:AssumeRole"
                ],
                "condition": [],
                "effect": "Allow",
                "not_actions": [],
                "not_principals": [],
                "not_resources": [],
                "principals": [
                  {
                    "identifiers": [
                      "eks.amazonaws.com"
                    ],
                    "type": "Service"
                  }
                ],
                "resources": [],
                "sid": "EKSClusterAssumeRole"
              }
            ],
            "version": "2012-10-17"
          },
          "sensitive_attributes": []
        }
      ]
    },
    {
      "module": "module.eks",
      "mode": "data",
      "type": "aws_iam_policy_document",
      "name": "cluster_elb_sl_role_creation",
      "provider": "provider[\"registry.terraform.io/hashicorp/aws\"]",
      "instances": [
        {
          "index_key": 0,
          "schema_version": 0,
          "attributes": {
            "id": "3407219844",
            "json": "{\n  \"Version\": \"2012-10-17\",\n  \"Statement\": [\n    {\n      \"Sid\": \"\",\n      \"Effect\": \"Allow\",\n      \"Action\": [\n        \"ec2:DescribeInternetGateways\",\n        \"ec2:DescribeAccountAttributes\"\n      ],\n      \"Resource\": \"*\"\n    }\n  ]\n}",
            "override_json": null,
            "override_policy_documents": null,
            "policy_id": null,
            "source_json": null,
            "source_policy_documents": null,
            "statement": [
              {
                "actions": [
                  "ec2:DescribeAccountAttributes",
                  "ec2:DescribeInternetGateways"
                ],
                "condition": [],
                "effect": "Allow",
                "not_actions": [],
                "not_principals": [],
                "not_resources": [],
                "principals": [],
                "resources": [
                  "*"
                ],
                "sid": ""
              }
            ],
            "version": "2012-10-17"
          },
          "sensitive_attributes": []
        }
      ]
    },
    {
      "module": "module.eks",
      "mode": "data",
      "type": "aws_iam_policy_document",
      "name": "workers_assume_role_policy",
      "provider": "provider[\"registry.terraform.io/hashicorp/aws\"]",
      "instances": [
        {
          "schema_version": 0,
          "attributes": {
            "id": "3778018924",
            "json": "{\n  \"Version\": \"2012-10-17\",\n  \"Statement\": [\n    {\n      \"Sid\": \"EKSWorkerAssumeRole\",\n      \"Effect\": \"Allow\",\n      \"Action\": \"sts:AssumeRole\",\n      \"Principal\": {\n        \"Service\": \"ec2.amazonaws.com\"\n      }\n    }\n  ]\n}",
            "override_json": null,
            "override_policy_documents": null,
            "policy_id": null,
            "source_json": null,
            "source_policy_documents": null,
            "statement": [
              {
                "actions": [
                  "sts:AssumeRole"
                ],
                "condition": [],
                "effect": "Allow",
                "not_actions": [],
                "not_principals": [],
                "not_resources": [],
                "principals": [
                  {
                    "identifiers": [
                      "ec2.amazonaws.com"
                    ],
                    "type": "Service"
                  }
                ],
                "resources": [],
                "sid": "EKSWorkerAssumeRole"
              }
            ],
            "version": "2012-10-17"
          },
          "sensitive_attributes": []
        }
      ]
    },
    {
      "module": "module.eks",
      "mode": "data",
      "type": "aws_partition",
      "name": "current",
      "provider": "provider[\"registry.terraform.io/hashicorp/aws\"]",
      "instances": [
        {
          "schema_version": 0,
          "attributes": {
            "dns_suffix": "amazonaws.com",
            "id": "aws",
            "partition": "aws",
            "reverse_dns_prefix": "com.amazonaws"
          },
          "sensitive_attributes": []
        }
      ]
    },
    {
      "module": "module.eks",
      "mode": "data",
      "type": "template_file",
      "name": "userdata",
      "provider": "provider[\"registry.terraform.io/hashicorp/template\"]",
      "instances": [
        {
          "index_key": 0,
          "schema_version": 0,
          "attributes": {
            "filename": null,
            "id": "bc09eaf2175302d8a4f002e667b368dc429305257ae689d76d35cfec2f7589da",
            "rendered": "#!/bin/bash -e\n\n# Allow user supplied pre userdata code\n\n\n# Bootstrap and join the cluster\n/etc/eks/bootstrap.sh --b64-cluster-ca 'LS0tLS1CRUdJTiBDRVJUSUZJQ0FURS0tLS0tCk1JSUM1ekNDQWMrZ0F3SUJBZ0lCQURBTkJna3Foa2lHOXcwQkFRc0ZBREFWTVJNd0VRWURWUVFERXdwcmRXSmwKY201bGRHVnpNQjRYRFRJeE1ETXlNVEV3TkRreE5Wb1hEVE14TURNeE9URXdORGt4TlZvd0ZURVRNQkVHQTFVRQpBeE1LYTNWaVpYSnVaWFJsY3pDQ0FTSXdEUVlKS29aSWh2Y05BUUVCQlFBRGdnRVBBRENDQVFvQ2dnRUJBUGc1ClBLY0tob3dpVmsydnY3SDZNSEVwajJjc2tqemZ1UzF0MDlkcHQ1VWFNNFRsa3E0VDVwVzR6NGNUN05Vb2lJVzYKbnNwVHZhS0tSODBpanFCTkMwWUNoSmVrRTdEWFNKekNXYVBwaUZNVkM5MWRpYnZWKzJQNFBLVGMvMUsycnRabgowTUEzUzVJaXRteWtZOFY0UFNBTStqSDdFcVZOZkt2RUVya2NQSVc0WFA3VENkNXQzSXVKMGV0d1RMTVRrTk5sCmFZcjhvWk52UldFMlVvZDJqODIvaWxLOFJJRmREMVpUS3huSTNLTWREUWV0RHN3TzJEanFkUVpRMVlEcUxIclYKekZRdk80L25JUEtQNXhreEk3NTcxQlJlUEFVNWFzMG16ZkhhWXIxeGEzMFBHUnpBNWRtUGxERUt0VEZLNHd4NwpCRjg0RjZkUitOaXNIU0dTYmNzQ0F3RUFBYU5DTUVBd0RnWURWUjBQQVFIL0JBUURBZ0trTUE4R0ExVWRFd0VCCi93UUZNQU1CQWY4d0hRWURWUjBPQkJZRUZHTEpOQjgxVFVpTHUwUmVzR3RwUjBDaE43dDFNQTBHQ1NxR1NJYjMKRFFFQkN3VUFBNElCQVFCQkF5d0pKQUJHRHAyUloyN0xKUnQwSWk5S2Zlc1czL3hlUkt1NzRMelEwUzNGYkUrOQowak5rLzVDSmsxMGViWGxPVHpsb0RNVVZoRFJGUCs2WTQ1UDVUNEdMQkdnckFuNzFIcDRyODFkOEdxdE5ieHFmCnVEek1kaTFZSUJSWE8vSjIwKzU1YUJDanp3SXVSZm5DWFRSemFaMkVDZGNzR0JTSXVhNlc0bWQ0V0x0dGVWdjEKeW1Na1RqeUliMFJ3TTB0aWR5T2NPK3JRSVduNE9xUVRVTnh2aFhVRmkrMEFqbzdoRDJacjlYWXdXQkpRaXZZegpsWmlmeVhFZ3M3b21xbTN1cWozT3psbEtOWDRYUmhlOXNxY2plU044V1ViSWJMdHg4bEZOMzh0OGZaZ3FMQS9qCnN1cjFLdUx2TURkSHhDeWlNZUZhSE5ibDEzQUx4M1NDTGJocQotLS0tLUVORCBDRVJUSUZJQ0FURS0tLS0tCg==' --apiserver-endpoint 'https://FDF37487E4E7CF83701F3FDD87F90CE6.yl4.ap-south-1.eks.amazonaws.com'  --kubelet-extra-args \"\" 'aws-eks-I6x7UUT9'\n\n# Allow user supplied userdata code\necho Hello worker group 1\n",
            "template": "#!/bin/bash -e\n\n# Allow user supplied pre userdata code\n${pre_userdata}\n\n# Bootstrap and join the cluster\n/etc/eks/bootstrap.sh --b64-cluster-ca '${cluster_auth_base64}' --apiserver-endpoint '${endpoint}' ${bootstrap_extra_args} --kubelet-extra-args \"${kubelet_extra_args}\" '${cluster_name}'\n\n# Allow user supplied userdata code\n${additional_userdata}\n",
            "vars": {
              "additional_userdata": "echo Hello worker group 1",
              "bootstrap_extra_args": "",
              "cluster_auth_base64": "LS0tLS1CRUdJTiBDRVJUSUZJQ0FURS0tLS0tCk1JSUM1ekNDQWMrZ0F3SUJBZ0lCQURBTkJna3Foa2lHOXcwQkFRc0ZBREFWTVJNd0VRWURWUVFERXdwcmRXSmwKY201bGRHVnpNQjRYRFRJeE1ETXlNVEV3TkRreE5Wb1hEVE14TURNeE9URXdORGt4TlZvd0ZURVRNQkVHQTFVRQpBeE1LYTNWaVpYSnVaWFJsY3pDQ0FTSXdEUVlKS29aSWh2Y05BUUVCQlFBRGdnRVBBRENDQVFvQ2dnRUJBUGc1ClBLY0tob3dpVmsydnY3SDZNSEVwajJjc2tqemZ1UzF0MDlkcHQ1VWFNNFRsa3E0VDVwVzR6NGNUN05Vb2lJVzYKbnNwVHZhS0tSODBpanFCTkMwWUNoSmVrRTdEWFNKekNXYVBwaUZNVkM5MWRpYnZWKzJQNFBLVGMvMUsycnRabgowTUEzUzVJaXRteWtZOFY0UFNBTStqSDdFcVZOZkt2RUVya2NQSVc0WFA3VENkNXQzSXVKMGV0d1RMTVRrTk5sCmFZcjhvWk52UldFMlVvZDJqODIvaWxLOFJJRmREMVpUS3huSTNLTWREUWV0RHN3TzJEanFkUVpRMVlEcUxIclYKekZRdk80L25JUEtQNXhreEk3NTcxQlJlUEFVNWFzMG16ZkhhWXIxeGEzMFBHUnpBNWRtUGxERUt0VEZLNHd4NwpCRjg0RjZkUitOaXNIU0dTYmNzQ0F3RUFBYU5DTUVBd0RnWURWUjBQQVFIL0JBUURBZ0trTUE4R0ExVWRFd0VCCi93UUZNQU1CQWY4d0hRWURWUjBPQkJZRUZHTEpOQjgxVFVpTHUwUmVzR3RwUjBDaE43dDFNQTBHQ1NxR1NJYjMKRFFFQkN3VUFBNElCQVFCQkF5d0pKQUJHRHAyUloyN0xKUnQwSWk5S2Zlc1czL3hlUkt1NzRMelEwUzNGYkUrOQowak5rLzVDSmsxMGViWGxPVHpsb0RNVVZoRFJGUCs2WTQ1UDVUNEdMQkdnckFuNzFIcDRyODFkOEdxdE5ieHFmCnVEek1kaTFZSUJSWE8vSjIwKzU1YUJDanp3SXVSZm5DWFRSemFaMkVDZGNzR0JTSXVhNlc0bWQ0V0x0dGVWdjEKeW1Na1RqeUliMFJ3TTB0aWR5T2NPK3JRSVduNE9xUVRVTnh2aFhVRmkrMEFqbzdoRDJacjlYWXdXQkpRaXZZegpsWmlmeVhFZ3M3b21xbTN1cWozT3psbEtOWDRYUmhlOXNxY2plU044V1ViSWJMdHg4bEZOMzh0OGZaZ3FMQS9qCnN1cjFLdUx2TURkSHhDeWlNZUZhSE5ibDEzQUx4M1NDTGJocQotLS0tLUVORCBDRVJUSUZJQ0FURS0tLS0tCg==",
              "cluster_name": "aws-eks-I6x7UUT9",
              "endpoint": "https://FDF37487E4E7CF83701F3FDD87F90CE6.yl4.ap-south-1.eks.amazonaws.com",
              "kubelet_extra_args": "",
              "platform": "linux",
              "pre_userdata": ""
            }
          },
          "sensitive_attributes": []
        },
        {
          "index_key": 1,
          "schema_version": 0,
          "attributes": {
            "filename": null,
            "id": "97e21209779165277fd08678628361e1c5f1bfb1604f1a6ee27dd8300e7c7ff7",
            "rendered": "#!/bin/bash -e\n\n# Allow user supplied pre userdata code\n\n\n# Bootstrap and join the cluster\n/etc/eks/bootstrap.sh --b64-cluster-ca 'LS0tLS1CRUdJTiBDRVJUSUZJQ0FURS0tLS0tCk1JSUM1ekNDQWMrZ0F3SUJBZ0lCQURBTkJna3Foa2lHOXcwQkFRc0ZBREFWTVJNd0VRWURWUVFERXdwcmRXSmwKY201bGRHVnpNQjRYRFRJeE1ETXlNVEV3TkRreE5Wb1hEVE14TURNeE9URXdORGt4TlZvd0ZURVRNQkVHQTFVRQpBeE1LYTNWaVpYSnVaWFJsY3pDQ0FTSXdEUVlKS29aSWh2Y05BUUVCQlFBRGdnRVBBRENDQVFvQ2dnRUJBUGc1ClBLY0tob3dpVmsydnY3SDZNSEVwajJjc2tqemZ1UzF0MDlkcHQ1VWFNNFRsa3E0VDVwVzR6NGNUN05Vb2lJVzYKbnNwVHZhS0tSODBpanFCTkMwWUNoSmVrRTdEWFNKekNXYVBwaUZNVkM5MWRpYnZWKzJQNFBLVGMvMUsycnRabgowTUEzUzVJaXRteWtZOFY0UFNBTStqSDdFcVZOZkt2RUVya2NQSVc0WFA3VENkNXQzSXVKMGV0d1RMTVRrTk5sCmFZcjhvWk52UldFMlVvZDJqODIvaWxLOFJJRmREMVpUS3huSTNLTWREUWV0RHN3TzJEanFkUVpRMVlEcUxIclYKekZRdk80L25JUEtQNXhreEk3NTcxQlJlUEFVNWFzMG16ZkhhWXIxeGEzMFBHUnpBNWRtUGxERUt0VEZLNHd4NwpCRjg0RjZkUitOaXNIU0dTYmNzQ0F3RUFBYU5DTUVBd0RnWURWUjBQQVFIL0JBUURBZ0trTUE4R0ExVWRFd0VCCi93UUZNQU1CQWY4d0hRWURWUjBPQkJZRUZHTEpOQjgxVFVpTHUwUmVzR3RwUjBDaE43dDFNQTBHQ1NxR1NJYjMKRFFFQkN3VUFBNElCQVFCQkF5d0pKQUJHRHAyUloyN0xKUnQwSWk5S2Zlc1czL3hlUkt1NzRMelEwUzNGYkUrOQowak5rLzVDSmsxMGViWGxPVHpsb0RNVVZoRFJGUCs2WTQ1UDVUNEdMQkdnckFuNzFIcDRyODFkOEdxdE5ieHFmCnVEek1kaTFZSUJSWE8vSjIwKzU1YUJDanp3SXVSZm5DWFRSemFaMkVDZGNzR0JTSXVhNlc0bWQ0V0x0dGVWdjEKeW1Na1RqeUliMFJ3TTB0aWR5T2NPK3JRSVduNE9xUVRVTnh2aFhVRmkrMEFqbzdoRDJacjlYWXdXQkpRaXZZegpsWmlmeVhFZ3M3b21xbTN1cWozT3psbEtOWDRYUmhlOXNxY2plU044V1ViSWJMdHg4bEZOMzh0OGZaZ3FMQS9qCnN1cjFLdUx2TURkSHhDeWlNZUZhSE5ibDEzQUx4M1NDTGJocQotLS0tLUVORCBDRVJUSUZJQ0FURS0tLS0tCg==' --apiserver-endpoint 'https://FDF37487E4E7CF83701F3FDD87F90CE6.yl4.ap-south-1.eks.amazonaws.com'  --kubelet-extra-args \"\" 'aws-eks-I6x7UUT9'\n\n# Allow user supplied userdata code\necho Hello worker group 2\n",
            "template": "#!/bin/bash -e\n\n# Allow user supplied pre userdata code\n${pre_userdata}\n\n# Bootstrap and join the cluster\n/etc/eks/bootstrap.sh --b64-cluster-ca '${cluster_auth_base64}' --apiserver-endpoint '${endpoint}' ${bootstrap_extra_args} --kubelet-extra-args \"${kubelet_extra_args}\" '${cluster_name}'\n\n# Allow user supplied userdata code\n${additional_userdata}\n",
            "vars": {
              "additional_userdata": "echo Hello worker group 2",
              "bootstrap_extra_args": "",
              "cluster_auth_base64": "LS0tLS1CRUdJTiBDRVJUSUZJQ0FURS0tLS0tCk1JSUM1ekNDQWMrZ0F3SUJBZ0lCQURBTkJna3Foa2lHOXcwQkFRc0ZBREFWTVJNd0VRWURWUVFERXdwcmRXSmwKY201bGRHVnpNQjRYRFRJeE1ETXlNVEV3TkRreE5Wb1hEVE14TURNeE9URXdORGt4TlZvd0ZURVRNQkVHQTFVRQpBeE1LYTNWaVpYSnVaWFJsY3pDQ0FTSXdEUVlKS29aSWh2Y05BUUVCQlFBRGdnRVBBRENDQVFvQ2dnRUJBUGc1ClBLY0tob3dpVmsydnY3SDZNSEVwajJjc2tqemZ1UzF0MDlkcHQ1VWFNNFRsa3E0VDVwVzR6NGNUN05Vb2lJVzYKbnNwVHZhS0tSODBpanFCTkMwWUNoSmVrRTdEWFNKekNXYVBwaUZNVkM5MWRpYnZWKzJQNFBLVGMvMUsycnRabgowTUEzUzVJaXRteWtZOFY0UFNBTStqSDdFcVZOZkt2RUVya2NQSVc0WFA3VENkNXQzSXVKMGV0d1RMTVRrTk5sCmFZcjhvWk52UldFMlVvZDJqODIvaWxLOFJJRmREMVpUS3huSTNLTWREUWV0RHN3TzJEanFkUVpRMVlEcUxIclYKekZRdk80L25JUEtQNXhreEk3NTcxQlJlUEFVNWFzMG16ZkhhWXIxeGEzMFBHUnpBNWRtUGxERUt0VEZLNHd4NwpCRjg0RjZkUitOaXNIU0dTYmNzQ0F3RUFBYU5DTUVBd0RnWURWUjBQQVFIL0JBUURBZ0trTUE4R0ExVWRFd0VCCi93UUZNQU1CQWY4d0hRWURWUjBPQkJZRUZHTEpOQjgxVFVpTHUwUmVzR3RwUjBDaE43dDFNQTBHQ1NxR1NJYjMKRFFFQkN3VUFBNElCQVFCQkF5d0pKQUJHRHAyUloyN0xKUnQwSWk5S2Zlc1czL3hlUkt1NzRMelEwUzNGYkUrOQowak5rLzVDSmsxMGViWGxPVHpsb0RNVVZoRFJGUCs2WTQ1UDVUNEdMQkdnckFuNzFIcDRyODFkOEdxdE5ieHFmCnVEek1kaTFZSUJSWE8vSjIwKzU1YUJDanp3SXVSZm5DWFRSemFaMkVDZGNzR0JTSXVhNlc0bWQ0V0x0dGVWdjEKeW1Na1RqeUliMFJ3TTB0aWR5T2NPK3JRSVduNE9xUVRVTnh2aFhVRmkrMEFqbzdoRDJacjlYWXdXQkpRaXZZegpsWmlmeVhFZ3M3b21xbTN1cWozT3psbEtOWDRYUmhlOXNxY2plU044V1ViSWJMdHg4bEZOMzh0OGZaZ3FMQS9qCnN1cjFLdUx2TURkSHhDeWlNZUZhSE5ibDEzQUx4M1NDTGJocQotLS0tLUVORCBDRVJUSUZJQ0FURS0tLS0tCg==",
              "cluster_name": "aws-eks-I6x7UUT9",
              "endpoint": "https://FDF37487E4E7CF83701F3FDD87F90CE6.yl4.ap-south-1.eks.amazonaws.com",
              "kubelet_extra_args": "",
              "platform": "linux",
              "pre_userdata": ""
            }
          },
          "sensitive_attributes": []
        }
      ]
    },
    {
      "module": "module.eks",
      "mode": "managed",
      "type": "aws_autoscaling_group",
      "name": "workers",
      "provider": "provider[\"registry.terraform.io/hashicorp/aws\"]",
      "instances": [
        {
          "index_key": 0,
          "schema_version": 0,
          "attributes": {
            "arn": "arn:aws:autoscaling:ap-south-1:951961396593:autoScalingGroup:f033ac2a-8968-4756-872f-369ae18f41e8:autoScalingGroupName/aws-eks-I6x7UUT9-worker-group-120210321105700404400000014",
            "availability_zones": [
              "ap-south-1a",
              "ap-south-1b",
              "ap-south-1c"
            ],
            "capacity_rebalance": false,
            "default_cooldown": 300,
            "desired_capacity": 2,
            "enabled_metrics": null,
            "force_delete": false,
            "health_check_grace_period": 300,
            "health_check_type": "EC2",
            "id": "aws-eks-I6x7UUT9-worker-group-120210321105700404400000014",
            "initial_lifecycle_hook": [],
            "instance_refresh": [],
            "launch_configuration": "aws-eks-I6x7UUT9-worker-group-120210321105650881900000013",
            "launch_template": [],
            "load_balancers": null,
            "max_instance_lifetime": 0,
            "max_size": 3,
            "metrics_granularity": "1Minute",
            "min_elb_capacity": null,
            "min_size": 1,
            "mixed_instances_policy": [],
            "name": "aws-eks-I6x7UUT9-worker-group-120210321105700404400000014",
            "name_prefix": "aws-eks-I6x7UUT9-worker-group-1",
            "placement_group": "",
            "protect_from_scale_in": false,
            "service_linked_role_arn": "arn:aws:iam::951961396593:role/aws-service-role/autoscaling.amazonaws.com/AWSServiceRoleForAutoScaling",
            "suspended_processes": [
              "AZRebalance"
            ],
            "tag": [
              {
                "key": "Environment",
                "propagate_at_launch": true,
                "value": "development"
              },
              {
                "key": "GitHubOrg",
                "propagate_at_launch": true,
                "value": "terraform-aws-modules"
              },
              {
                "key": "GithubRepo",
                "propagate_at_launch": true,
                "value": "terraform-aws-eks"
              },
              {
                "key": "Name",
                "propagate_at_launch": true,
                "value": "aws-eks-I6x7UUT9-worker-group-1-eks_asg"
              },
              {
                "key": "k8s.io/cluster/aws-eks-I6x7UUT9",
                "propagate_at_launch": true,
                "value": "owned"
              },
              {
                "key": "kubernetes.io/cluster/aws-eks-I6x7UUT9",
                "propagate_at_launch": true,
                "value": "owned"
              }
            ],
            "tags": null,
            "target_group_arns": null,
            "termination_policies": [],
            "timeouts": null,
            "vpc_zone_identifier": [
              "subnet-0902b4676c55d6c5a",
              "subnet-0b3963e88f7060333",
              "subnet-0db4d4c4a4d55d21e"
            ],
            "wait_for_capacity_timeout": "10m",
            "wait_for_elb_capacity": null
          },
          "sensitive_attributes": [],
          "private": "eyJlMmJmYjczMC1lY2FhLTExZTYtOGY4OC0zNDM2M2JjN2M0YzAiOnsiZGVsZXRlIjo2MDAwMDAwMDAwMDB9fQ==",
          "dependencies": [
            "aws_security_group.worker_group_mgmt_one",
            "aws_security_group.worker_group_mgmt_two",
            "data.aws_availability_zones.available",
            "module.eks.aws_cloudwatch_log_group.this",
            "module.eks.aws_eks_cluster.this",
            "module.eks.aws_iam_instance_profile.workers",
            "module.eks.aws_iam_role.cluster",
            "module.eks.aws_iam_role.workers",
            "module.eks.aws_iam_role_policy_attachment.cluster_AmazonEKSClusterPolicy",
            "module.eks.aws_iam_role_policy_attachment.cluster_AmazonEKSServicePolicy",
            "module.eks.aws_iam_role_policy_attachment.cluster_AmazonEKSVPCResourceControllerPolicy",
            "module.eks.aws_iam_role_policy_attachment.workers_AmazonEC2ContainerRegistryReadOnly",
            "module.eks.aws_iam_role_policy_attachment.workers_AmazonEKSWorkerNodePolicy",
            "module.eks.aws_iam_role_policy_attachment.workers_AmazonEKS_CNI_Policy",
            "module.eks.aws_iam_role_policy_attachment.workers_additional_policies",
            "module.eks.aws_launch_configuration.workers",
            "module.eks.aws_security_group.cluster",
            "module.eks.aws_security_group.workers",
            "module.eks.aws_security_group_rule.cluster_egress_internet",
            "module.eks.aws_security_group_rule.cluster_https_worker_ingress",
            "module.eks.aws_security_group_rule.cluster_primary_ingress_workers",
            "module.eks.aws_security_group_rule.workers_egress_internet",
            "module.eks.aws_security_group_rule.workers_ingress_cluster",
            "module.eks.aws_security_group_rule.workers_ingress_cluster_https",
            "module.eks.aws_security_group_rule.workers_ingress_cluster_kubelet",
            "module.eks.aws_security_group_rule.workers_ingress_cluster_primary",
            "module.eks.aws_security_group_rule.workers_ingress_self",
            "module.eks.data.aws_ami.eks_worker",
            "module.eks.data.aws_ami.eks_worker_windows",
            "module.eks.data.aws_iam_instance_profile.custom_worker_group_iam_instance_profile",
            "module.eks.data.aws_iam_policy_document.cluster_assume_role_policy",
            "module.eks.data.aws_iam_policy_document.workers_assume_role_policy",
            "module.eks.data.aws_iam_role.custom_cluster_iam_role",
            "module.eks.data.aws_partition.current",
            "module.eks.data.template_file.userdata",
            "module.eks.random_pet.workers",
            "module.vpc.aws_subnet.private",
            "module.vpc.aws_vpc.this",
            "module.vpc.aws_vpc_ipv4_cidr_block_association.this",
            "random_string.suffix"
          ],
          "create_before_destroy": true
        },
        {
          "index_key": 1,
          "schema_version": 0,
          "attributes": {
            "arn": "arn:aws:autoscaling:ap-south-1:951961396593:autoScalingGroup:aa86ec4f-f76c-4f06-aac1-4a4de13ed956:autoScalingGroupName/aws-eks-I6x7UUT9-worker-group-220210321105700411800000015",
            "availability_zones": [
              "ap-south-1a",
              "ap-south-1b",
              "ap-south-1c"
            ],
            "capacity_rebalance": false,
            "default_cooldown": 300,
            "desired_capacity": 1,
            "enabled_metrics": null,
            "force_delete": false,
            "health_check_grace_period": 300,
            "health_check_type": "EC2",
            "id": "aws-eks-I6x7UUT9-worker-group-220210321105700411800000015",
            "initial_lifecycle_hook": [],
            "instance_refresh": [],
            "launch_configuration": "aws-eks-I6x7UUT9-worker-group-220210321105650841000000012",
            "launch_template": [],
            "load_balancers": null,
            "max_instance_lifetime": 0,
            "max_size": 3,
            "metrics_granularity": "1Minute",
            "min_elb_capacity": null,
            "min_size": 1,
            "mixed_instances_policy": [],
            "name": "aws-eks-I6x7UUT9-worker-group-220210321105700411800000015",
            "name_prefix": "aws-eks-I6x7UUT9-worker-group-2",
            "placement_group": "",
            "protect_from_scale_in": false,
            "service_linked_role_arn": "arn:aws:iam::951961396593:role/aws-service-role/autoscaling.amazonaws.com/AWSServiceRoleForAutoScaling",
            "suspended_processes": [
              "AZRebalance"
            ],
            "tag": [
              {
                "key": "Environment",
                "propagate_at_launch": true,
                "value": "development"
              },
              {
                "key": "GitHubOrg",
                "propagate_at_launch": true,
                "value": "terraform-aws-modules"
              },
              {
                "key": "GithubRepo",
                "propagate_at_launch": true,
                "value": "terraform-aws-eks"
              },
              {
                "key": "Name",
                "propagate_at_launch": true,
                "value": "aws-eks-I6x7UUT9-worker-group-2-eks_asg"
              },
              {
                "key": "k8s.io/cluster/aws-eks-I6x7UUT9",
                "propagate_at_launch": true,
                "value": "owned"
              },
              {
                "key": "kubernetes.io/cluster/aws-eks-I6x7UUT9",
                "propagate_at_launch": true,
                "value": "owned"
              }
            ],
            "tags": null,
            "target_group_arns": null,
            "termination_policies": [],
            "timeouts": null,
            "vpc_zone_identifier": [
              "subnet-0902b4676c55d6c5a",
              "subnet-0b3963e88f7060333",
              "subnet-0db4d4c4a4d55d21e"
            ],
            "wait_for_capacity_timeout": "10m",
            "wait_for_elb_capacity": null
          },
          "sensitive_attributes": [],
          "private": "eyJlMmJmYjczMC1lY2FhLTExZTYtOGY4OC0zNDM2M2JjN2M0YzAiOnsiZGVsZXRlIjo2MDAwMDAwMDAwMDB9fQ==",
          "dependencies": [
            "aws_security_group.worker_group_mgmt_one",
            "aws_security_group.worker_group_mgmt_two",
            "data.aws_availability_zones.available",
            "module.eks.aws_cloudwatch_log_group.this",
            "module.eks.aws_eks_cluster.this",
            "module.eks.aws_iam_instance_profile.workers",
            "module.eks.aws_iam_role.cluster",
            "module.eks.aws_iam_role.workers",
            "module.eks.aws_iam_role_policy_attachment.cluster_AmazonEKSClusterPolicy",
            "module.eks.aws_iam_role_policy_attachment.cluster_AmazonEKSServicePolicy",
            "module.eks.aws_iam_role_policy_attachment.cluster_AmazonEKSVPCResourceControllerPolicy",
            "module.eks.aws_iam_role_policy_attachment.workers_AmazonEC2ContainerRegistryReadOnly",
            "module.eks.aws_iam_role_policy_attachment.workers_AmazonEKSWorkerNodePolicy",
            "module.eks.aws_iam_role_policy_attachment.workers_AmazonEKS_CNI_Policy",
            "module.eks.aws_iam_role_policy_attachment.workers_additional_policies",
            "module.eks.aws_launch_configuration.workers",
            "module.eks.aws_security_group.cluster",
            "module.eks.aws_security_group.workers",
            "module.eks.aws_security_group_rule.cluster_egress_internet",
            "module.eks.aws_security_group_rule.cluster_https_worker_ingress",
            "module.eks.aws_security_group_rule.cluster_primary_ingress_workers",
            "module.eks.aws_security_group_rule.workers_egress_internet",
            "module.eks.aws_security_group_rule.workers_ingress_cluster",
            "module.eks.aws_security_group_rule.workers_ingress_cluster_https",
            "module.eks.aws_security_group_rule.workers_ingress_cluster_kubelet",
            "module.eks.aws_security_group_rule.workers_ingress_cluster_primary",
            "module.eks.aws_security_group_rule.workers_ingress_self",
            "module.eks.data.aws_ami.eks_worker",
            "module.eks.data.aws_ami.eks_worker_windows",
            "module.eks.data.aws_iam_instance_profile.custom_worker_group_iam_instance_profile",
            "module.eks.data.aws_iam_policy_document.cluster_assume_role_policy",
            "module.eks.data.aws_iam_policy_document.workers_assume_role_policy",
            "module.eks.data.aws_iam_role.custom_cluster_iam_role",
            "module.eks.data.aws_partition.current",
            "module.eks.data.template_file.userdata",
            "module.eks.random_pet.workers",
            "module.vpc.aws_subnet.private",
            "module.vpc.aws_vpc.this",
            "module.vpc.aws_vpc_ipv4_cidr_block_association.this",
            "random_string.suffix"
          ],
          "create_before_destroy": true
        }
      ]
    },
    {
      "module": "module.eks",
      "mode": "managed",
      "type": "aws_eks_cluster",
      "name": "this",
      "provider": "provider[\"registry.terraform.io/hashicorp/aws\"]",
      "instances": [
        {
          "index_key": 0,
          "schema_version": 0,
          "attributes": {
            "arn": "arn:aws:eks:ap-south-1:951961396593:cluster/aws-eks-I6x7UUT9",
            "certificate_authority": [
              {
                "data": "LS0tLS1CRUdJTiBDRVJUSUZJQ0FURS0tLS0tCk1JSUM1ekNDQWMrZ0F3SUJBZ0lCQURBTkJna3Foa2lHOXcwQkFRc0ZBREFWTVJNd0VRWURWUVFERXdwcmRXSmwKY201bGRHVnpNQjRYRFRJeE1ETXlNVEV3TkRreE5Wb1hEVE14TURNeE9URXdORGt4TlZvd0ZURVRNQkVHQTFVRQpBeE1LYTNWaVpYSnVaWFJsY3pDQ0FTSXdEUVlKS29aSWh2Y05BUUVCQlFBRGdnRVBBRENDQVFvQ2dnRUJBUGc1ClBLY0tob3dpVmsydnY3SDZNSEVwajJjc2tqemZ1UzF0MDlkcHQ1VWFNNFRsa3E0VDVwVzR6NGNUN05Vb2lJVzYKbnNwVHZhS0tSODBpanFCTkMwWUNoSmVrRTdEWFNKekNXYVBwaUZNVkM5MWRpYnZWKzJQNFBLVGMvMUsycnRabgowTUEzUzVJaXRteWtZOFY0UFNBTStqSDdFcVZOZkt2RUVya2NQSVc0WFA3VENkNXQzSXVKMGV0d1RMTVRrTk5sCmFZcjhvWk52UldFMlVvZDJqODIvaWxLOFJJRmREMVpUS3huSTNLTWREUWV0RHN3TzJEanFkUVpRMVlEcUxIclYKekZRdk80L25JUEtQNXhreEk3NTcxQlJlUEFVNWFzMG16ZkhhWXIxeGEzMFBHUnpBNWRtUGxERUt0VEZLNHd4NwpCRjg0RjZkUitOaXNIU0dTYmNzQ0F3RUFBYU5DTUVBd0RnWURWUjBQQVFIL0JBUURBZ0trTUE4R0ExVWRFd0VCCi93UUZNQU1CQWY4d0hRWURWUjBPQkJZRUZHTEpOQjgxVFVpTHUwUmVzR3RwUjBDaE43dDFNQTBHQ1NxR1NJYjMKRFFFQkN3VUFBNElCQVFCQkF5d0pKQUJHRHAyUloyN0xKUnQwSWk5S2Zlc1czL3hlUkt1NzRMelEwUzNGYkUrOQowak5rLzVDSmsxMGViWGxPVHpsb0RNVVZoRFJGUCs2WTQ1UDVUNEdMQkdnckFuNzFIcDRyODFkOEdxdE5ieHFmCnVEek1kaTFZSUJSWE8vSjIwKzU1YUJDanp3SXVSZm5DWFRSemFaMkVDZGNzR0JTSXVhNlc0bWQ0V0x0dGVWdjEKeW1Na1RqeUliMFJ3TTB0aWR5T2NPK3JRSVduNE9xUVRVTnh2aFhVRmkrMEFqbzdoRDJacjlYWXdXQkpRaXZZegpsWmlmeVhFZ3M3b21xbTN1cWozT3psbEtOWDRYUmhlOXNxY2plU044V1ViSWJMdHg4bEZOMzh0OGZaZ3FMQS9qCnN1cjFLdUx2TURkSHhDeWlNZUZhSE5ibDEzQUx4M1NDTGJocQotLS0tLUVORCBDRVJUSUZJQ0FURS0tLS0tCg=="
              }
            ],
            "created_at": "2021-03-21 10:43:39.635 +0000 UTC",
            "enabled_cluster_log_types": null,
            "encryption_config": [],
            "endpoint": "https://FDF37487E4E7CF83701F3FDD87F90CE6.yl4.ap-south-1.eks.amazonaws.com",
            "id": "aws-eks-I6x7UUT9",
            "identity": [
              {
                "oidc": [
                  {
                    "issuer": "https://oidc.eks.ap-south-1.amazonaws.com/id/FDF37487E4E7CF83701F3FDD87F90CE6"
                  }
                ]
              }
            ],
            "kubernetes_network_config": [
              {
                "service_ipv4_cidr": "172.20.0.0/16"
              }
            ],
            "name": "aws-eks-I6x7UUT9",
            "platform_version": "eks.2",
            "role_arn": "arn:aws:iam::951961396593:role/aws-eks-I6x7UUT920210321104320391000000001",
            "status": "ACTIVE",
            "tags": {
              "Environment": "development",
              "GitHubOrg": "terraform-aws-modules",
              "GithubRepo": "terraform-aws-eks"
            },
            "timeouts": {
              "create": "30m",
              "delete": "15m",
              "update": null
            },
            "version": "1.19",
            "vpc_config": [
              {
                "cluster_security_group_id": "sg-078576523b29c3e4b",
                "endpoint_private_access": false,
                "endpoint_public_access": true,
                "public_access_cidrs": [
                  "0.0.0.0/0"
                ],
                "security_group_ids": [
                  "sg-04f8561ff351fa0df"
                ],
                "subnet_ids": [
                  "subnet-0902b4676c55d6c5a",
                  "subnet-0b3963e88f7060333",
                  "subnet-0db4d4c4a4d55d21e"
                ],
                "vpc_id": "vpc-0c34f072de9c35474"
              }
            ]
          },
          "sensitive_attributes": [],
          "private": "eyJlMmJmYjczMC1lY2FhLTExZTYtOGY4OC0zNDM2M2JjN2M0YzAiOnsiY3JlYXRlIjoxODAwMDAwMDAwMDAwLCJkZWxldGUiOjkwMDAwMDAwMDAwMCwidXBkYXRlIjozNjAwMDAwMDAwMDAwfX0=",
          "dependencies": [
            "data.aws_availability_zones.available",
            "module.eks.aws_cloudwatch_log_group.this",
            "module.eks.aws_iam_role.cluster",
            "module.eks.aws_iam_role_policy_attachment.cluster_AmazonEKSClusterPolicy",
            "module.eks.aws_iam_role_policy_attachment.cluster_AmazonEKSServicePolicy",
            "module.eks.aws_iam_role_policy_attachment.cluster_AmazonEKSVPCResourceControllerPolicy",
            "module.eks.aws_security_group.cluster",
            "module.eks.aws_security_group.workers",
            "module.eks.aws_security_group_rule.cluster_egress_internet",
            "module.eks.aws_security_group_rule.cluster_https_worker_ingress",
            "module.eks.data.aws_iam_policy_document.cluster_assume_role_policy",
            "module.eks.data.aws_iam_role.custom_cluster_iam_role",
            "module.eks.data.aws_partition.current",
            "module.vpc.aws_subnet.private",
            "module.vpc.aws_vpc.this",
            "module.vpc.aws_vpc_ipv4_cidr_block_association.this",
            "random_string.suffix"
          ],
          "create_before_destroy": true
        }
      ]
    },
    {
      "module": "module.eks",
      "mode": "managed",
      "type": "aws_iam_instance_profile",
      "name": "workers",
      "provider": "provider[\"registry.terraform.io/hashicorp/aws\"]",
      "instances": [
        {
          "index_key": 0,
          "schema_version": 0,
          "attributes": {
            "arn": "arn:aws:iam::951961396593:instance-profile/aws-eks-I6x7UUT92021032110564683530000000e",
            "create_date": "2021-03-21T10:56:47Z",
            "id": "aws-eks-I6x7UUT92021032110564683530000000e",
            "name": "aws-eks-I6x7UUT92021032110564683530000000e",
            "name_prefix": "aws-eks-I6x7UUT9",
            "path": "/",
            "role": "aws-eks-I6x7UUT92021032110564215290000000c",
            "unique_id": "AIPA53JKSEVY4PKQUTPHV"
          },
          "sensitive_attributes": [],
          "private": "bnVsbA==",
          "dependencies": [
            "aws_security_group.worker_group_mgmt_one",
            "aws_security_group.worker_group_mgmt_two",
            "data.aws_availability_zones.available",
            "module.eks.aws_cloudwatch_log_group.this",
            "module.eks.aws_eks_cluster.this",
            "module.eks.aws_iam_role.cluster",
            "module.eks.aws_iam_role.workers",
            "module.eks.aws_iam_role_policy_attachment.cluster_AmazonEKSClusterPolicy",
            "module.eks.aws_iam_role_policy_attachment.cluster_AmazonEKSServicePolicy",
            "module.eks.aws_iam_role_policy_attachment.cluster_AmazonEKSVPCResourceControllerPolicy",
            "module.eks.aws_security_group.cluster",
            "module.eks.aws_security_group.workers",
            "module.eks.aws_security_group_rule.cluster_egress_internet",
            "module.eks.aws_security_group_rule.cluster_https_worker_ingress",
            "module.eks.data.aws_iam_policy_document.cluster_assume_role_policy",
            "module.eks.data.aws_iam_policy_document.workers_assume_role_policy",
            "module.eks.data.aws_iam_role.custom_cluster_iam_role",
            "module.eks.data.aws_partition.current",
            "module.vpc.aws_subnet.private",
            "module.vpc.aws_vpc.this",
            "module.vpc.aws_vpc_ipv4_cidr_block_association.this",
            "random_string.suffix"
          ],
          "create_before_destroy": true
        },
        {
          "index_key": 1,
          "schema_version": 0,
          "attributes": {
            "arn": "arn:aws:iam::951961396593:instance-profile/aws-eks-I6x7UUT92021032110564683450000000d",
            "create_date": "2021-03-21T10:56:47Z",
            "id": "aws-eks-I6x7UUT92021032110564683450000000d",
            "name": "aws-eks-I6x7UUT92021032110564683450000000d",
            "name_prefix": "aws-eks-I6x7UUT9",
            "path": "/",
            "role": "aws-eks-I6x7UUT92021032110564215290000000c",
            "unique_id": "AIPA53JKSEVY3WYWOXVLV"
          },
          "sensitive_attributes": [],
          "private": "bnVsbA==",
          "dependencies": [
            "aws_security_group.worker_group_mgmt_one",
            "aws_security_group.worker_group_mgmt_two",
            "data.aws_availability_zones.available",
            "module.eks.aws_cloudwatch_log_group.this",
            "module.eks.aws_eks_cluster.this",
            "module.eks.aws_iam_role.cluster",
            "module.eks.aws_iam_role.workers",
            "module.eks.aws_iam_role_policy_attachment.cluster_AmazonEKSClusterPolicy",
            "module.eks.aws_iam_role_policy_attachment.cluster_AmazonEKSServicePolicy",
            "module.eks.aws_iam_role_policy_attachment.cluster_AmazonEKSVPCResourceControllerPolicy",
            "module.eks.aws_security_group.cluster",
            "module.eks.aws_security_group.workers",
            "module.eks.aws_security_group_rule.cluster_egress_internet",
            "module.eks.aws_security_group_rule.cluster_https_worker_ingress",
            "module.eks.data.aws_iam_policy_document.cluster_assume_role_policy",
            "module.eks.data.aws_iam_policy_document.workers_assume_role_policy",
            "module.eks.data.aws_iam_role.custom_cluster_iam_role",
            "module.eks.data.aws_partition.current",
            "module.vpc.aws_subnet.private",
            "module.vpc.aws_vpc.this",
            "module.vpc.aws_vpc_ipv4_cidr_block_association.this",
            "random_string.suffix"
          ],
          "create_before_destroy": true
        }
      ]
    },
    {
      "module": "module.eks",
      "mode": "managed",
      "type": "aws_iam_policy",
      "name": "cluster_elb_sl_role_creation",
      "provider": "provider[\"registry.terraform.io/hashicorp/aws\"]",
      "instances": [
        {
          "index_key": 0,
          "schema_version": 0,
          "attributes": {
            "arn": "arn:aws:iam::951961396593:policy/aws-eks-I6x7UUT9-elb-sl-role-creation20210321104320396200000002",
            "description": "Permissions for EKS to create AWSServiceRoleForElasticLoadBalancing service-linked role",
            "id": "arn:aws:iam::951961396593:policy/aws-eks-I6x7UUT9-elb-sl-role-creation20210321104320396200000002",
            "name": "aws-eks-I6x7UUT9-elb-sl-role-creation20210321104320396200000002",
            "name_prefix": "aws-eks-I6x7UUT9-elb-sl-role-creation",
            "path": "/",
            "policy": "{\n  \"Version\": \"2012-10-17\",\n  \"Statement\": [\n    {\n      \"Sid\": \"\",\n      \"Effect\": \"Allow\",\n      \"Action\": [\n        \"ec2:DescribeInternetGateways\",\n        \"ec2:DescribeAccountAttributes\"\n      ],\n      \"Resource\": \"*\"\n    }\n  ]\n}"
          },
          "sensitive_attributes": [],
          "private": "bnVsbA==",
          "dependencies": [
            "module.eks.data.aws_iam_policy_document.cluster_elb_sl_role_creation",
            "random_string.suffix"
          ]
        }
      ]
    },
    {
      "module": "module.eks",
      "mode": "managed",
      "type": "aws_iam_role",
      "name": "cluster",
      "provider": "provider[\"registry.terraform.io/hashicorp/aws\"]",
      "instances": [
        {
          "index_key": 0,
          "schema_version": 0,
          "attributes": {
            "arn": "arn:aws:iam::951961396593:role/aws-eks-I6x7UUT920210321104320391000000001",
            "assume_role_policy": "{\"Version\":\"2012-10-17\",\"Statement\":[{\"Sid\":\"EKSClusterAssumeRole\",\"Effect\":\"Allow\",\"Principal\":{\"Service\":\"eks.amazonaws.com\"},\"Action\":\"sts:AssumeRole\"}]}",
            "create_date": "2021-03-21T10:43:21Z",
            "description": "",
            "force_detach_policies": true,
            "id": "aws-eks-I6x7UUT920210321104320391000000001",
            "inline_policy": [
              {
                "name": "",
                "policy": ""
              }
            ],
            "managed_policy_arns": [],
            "max_session_duration": 3600,
            "name": "aws-eks-I6x7UUT920210321104320391000000001",
            "name_prefix": "aws-eks-I6x7UUT9",
            "path": "/",
            "permissions_boundary": null,
            "tags": {
              "Environment": "development",
              "GitHubOrg": "terraform-aws-modules",
              "GithubRepo": "terraform-aws-eks"
            },
            "unique_id": "AROA53JKSEVYRZZKIMKVM"
          },
          "sensitive_attributes": [],
          "private": "bnVsbA==",
          "dependencies": [
            "module.eks.data.aws_iam_policy_document.cluster_assume_role_policy",
            "random_string.suffix"
          ],
          "create_before_destroy": true
        }
      ]
    },
    {
      "module": "module.eks",
      "mode": "managed",
      "type": "aws_iam_role",
      "name": "workers",
      "provider": "provider[\"registry.terraform.io/hashicorp/aws\"]",
      "instances": [
        {
          "index_key": 0,
          "schema_version": 0,
          "attributes": {
            "arn": "arn:aws:iam::951961396593:role/aws-eks-I6x7UUT92021032110564215290000000c",
            "assume_role_policy": "{\"Version\":\"2012-10-17\",\"Statement\":[{\"Sid\":\"EKSWorkerAssumeRole\",\"Effect\":\"Allow\",\"Principal\":{\"Service\":\"ec2.amazonaws.com\"},\"Action\":\"sts:AssumeRole\"}]}",
            "create_date": "2021-03-21T10:56:43Z",
            "description": "",
            "force_detach_policies": true,
            "id": "aws-eks-I6x7UUT92021032110564215290000000c",
            "inline_policy": [
              {
                "name": "",
                "policy": ""
              }
            ],
            "managed_policy_arns": [],
            "max_session_duration": 3600,
            "name": "aws-eks-I6x7UUT92021032110564215290000000c",
            "name_prefix": "aws-eks-I6x7UUT9",
            "path": "/",
            "permissions_boundary": null,
            "tags": {
              "Environment": "development",
              "GitHubOrg": "terraform-aws-modules",
              "GithubRepo": "terraform-aws-eks"
            },
            "unique_id": "AROA53JKSEVY6Q6X3VMTA"
          },
          "sensitive_attributes": [],
          "private": "bnVsbA==",
          "dependencies": [
            "data.aws_availability_zones.available",
            "module.eks.aws_cloudwatch_log_group.this",
            "module.eks.aws_eks_cluster.this",
            "module.eks.aws_iam_role.cluster",
            "module.eks.aws_iam_role_policy_attachment.cluster_AmazonEKSClusterPolicy",
            "module.eks.aws_iam_role_policy_attachment.cluster_AmazonEKSServicePolicy",
            "module.eks.aws_iam_role_policy_attachment.cluster_AmazonEKSVPCResourceControllerPolicy",
            "module.eks.aws_security_group.cluster",
            "module.eks.aws_security_group.workers",
            "module.eks.aws_security_group_rule.cluster_egress_internet",
            "module.eks.aws_security_group_rule.cluster_https_worker_ingress",
            "module.eks.data.aws_iam_policy_document.cluster_assume_role_policy",
            "module.eks.data.aws_iam_policy_document.workers_assume_role_policy",
            "module.eks.data.aws_iam_role.custom_cluster_iam_role",
            "module.eks.data.aws_partition.current",
            "module.vpc.aws_subnet.private",
            "module.vpc.aws_vpc.this",
            "module.vpc.aws_vpc_ipv4_cidr_block_association.this",
            "random_string.suffix"
          ],
          "create_before_destroy": true
        }
      ]
    },
    {
      "module": "module.eks",
      "mode": "managed",
      "type": "aws_iam_role_policy_attachment",
      "name": "cluster_AmazonEKSClusterPolicy",
      "provider": "provider[\"registry.terraform.io/hashicorp/aws\"]",
      "instances": [
        {
          "index_key": 0,
          "schema_version": 0,
          "attributes": {
            "id": "aws-eks-I6x7UUT920210321104320391000000001-20210321104325994700000004",
            "policy_arn": "arn:aws:iam::aws:policy/AmazonEKSClusterPolicy",
            "role": "aws-eks-I6x7UUT920210321104320391000000001"
          },
          "sensitive_attributes": [],
          "private": "bnVsbA==",
          "dependencies": [
            "module.eks.aws_iam_role.cluster",
            "module.eks.data.aws_iam_policy_document.cluster_assume_role_policy",
            "module.eks.data.aws_partition.current",
            "random_string.suffix"
          ],
          "create_before_destroy": true
        }
      ]
    },
    {
      "module": "module.eks",
      "mode": "managed",
      "type": "aws_iam_role_policy_attachment",
      "name": "cluster_AmazonEKSServicePolicy",
      "provider": "provider[\"registry.terraform.io/hashicorp/aws\"]",
      "instances": [
        {
          "index_key": 0,
          "schema_version": 0,
          "attributes": {
            "id": "aws-eks-I6x7UUT920210321104320391000000001-20210321104325997500000006",
            "policy_arn": "arn:aws:iam::aws:policy/AmazonEKSServicePolicy",
            "role": "aws-eks-I6x7UUT920210321104320391000000001"
          },
          "sensitive_attributes": [],
          "private": "bnVsbA==",
          "dependencies": [
            "module.eks.aws_iam_role.cluster",
            "module.eks.data.aws_iam_policy_document.cluster_assume_role_policy",
            "module.eks.data.aws_partition.current",
            "random_string.suffix"
          ],
          "create_before_destroy": true
        }
      ]
    },
    {
      "module": "module.eks",
      "mode": "managed",
      "type": "aws_iam_role_policy_attachment",
      "name": "cluster_AmazonEKSVPCResourceControllerPolicy",
      "provider": "provider[\"registry.terraform.io/hashicorp/aws\"]",
      "instances": [
        {
          "index_key": 0,
          "schema_version": 0,
          "attributes": {
            "id": "aws-eks-I6x7UUT920210321104320391000000001-20210321104325994700000005",
            "policy_arn": "arn:aws:iam::aws:policy/AmazonEKSVPCResourceController",
            "role": "aws-eks-I6x7UUT920210321104320391000000001"
          },
          "sensitive_attributes": [],
          "private": "bnVsbA==",
          "dependencies": [
            "module.eks.aws_iam_role.cluster",
            "module.eks.data.aws_iam_policy_document.cluster_assume_role_policy",
            "module.eks.data.aws_partition.current",
            "random_string.suffix"
          ],
          "create_before_destroy": true
        }
      ]
    },
    {
      "module": "module.eks",
      "mode": "managed",
      "type": "aws_iam_role_policy_attachment",
      "name": "cluster_elb_sl_role_creation",
      "provider": "provider[\"registry.terraform.io/hashicorp/aws\"]",
      "instances": [
        {
          "index_key": 0,
          "schema_version": 0,
          "attributes": {
            "id": "aws-eks-I6x7UUT920210321104320391000000001-20210321104325952000000003",
            "policy_arn": "arn:aws:iam::951961396593:policy/aws-eks-I6x7UUT9-elb-sl-role-creation20210321104320396200000002",
            "role": "aws-eks-I6x7UUT920210321104320391000000001"
          },
          "sensitive_attributes": [],
          "private": "bnVsbA==",
          "dependencies": [
            "module.eks.aws_iam_policy.cluster_elb_sl_role_creation",
            "module.eks.aws_iam_role.cluster",
            "module.eks.data.aws_iam_policy_document.cluster_assume_role_policy",
            "module.eks.data.aws_iam_policy_document.cluster_elb_sl_role_creation",
            "random_string.suffix"
          ]
        }
      ]
    },
    {
      "module": "module.eks",
      "mode": "managed",
      "type": "aws_iam_role_policy_attachment",
      "name": "workers_AmazonEC2ContainerRegistryReadOnly",
      "provider": "provider[\"registry.terraform.io/hashicorp/aws\"]",
      "instances": [
        {
          "index_key": 0,
          "schema_version": 0,
          "attributes": {
            "id": "aws-eks-I6x7UUT92021032110564215290000000c-20210321105647949400000010",
            "policy_arn": "arn:aws:iam::aws:policy/AmazonEC2ContainerRegistryReadOnly",
            "role": "aws-eks-I6x7UUT92021032110564215290000000c"
          },
          "sensitive_attributes": [],
          "private": "bnVsbA==",
          "dependencies": [
            "data.aws_availability_zones.available",
            "module.eks.aws_cloudwatch_log_group.this",
            "module.eks.aws_eks_cluster.this",
            "module.eks.aws_iam_role.cluster",
            "module.eks.aws_iam_role.workers",
            "module.eks.aws_iam_role_policy_attachment.cluster_AmazonEKSClusterPolicy",
            "module.eks.aws_iam_role_policy_attachment.cluster_AmazonEKSServicePolicy",
            "module.eks.aws_iam_role_policy_attachment.cluster_AmazonEKSVPCResourceControllerPolicy",
            "module.eks.aws_security_group.cluster",
            "module.eks.aws_security_group.workers",
            "module.eks.aws_security_group_rule.cluster_egress_internet",
            "module.eks.aws_security_group_rule.cluster_https_worker_ingress",
            "module.eks.data.aws_iam_policy_document.cluster_assume_role_policy",
            "module.eks.data.aws_iam_policy_document.workers_assume_role_policy",
            "module.eks.data.aws_iam_role.custom_cluster_iam_role",
            "module.eks.data.aws_partition.current",
            "module.vpc.aws_subnet.private",
            "module.vpc.aws_vpc.this",
            "module.vpc.aws_vpc_ipv4_cidr_block_association.this",
            "random_string.suffix"
          ],
          "create_before_destroy": true
        }
      ]
    },
    {
      "module": "module.eks",
      "mode": "managed",
      "type": "aws_iam_role_policy_attachment",
      "name": "workers_AmazonEKSWorkerNodePolicy",
      "provider": "provider[\"registry.terraform.io/hashicorp/aws\"]",
      "instances": [
        {
          "index_key": 0,
          "schema_version": 0,
          "attributes": {
            "id": "aws-eks-I6x7UUT92021032110564215290000000c-20210321105647950300000011",
            "policy_arn": "arn:aws:iam::aws:policy/AmazonEKSWorkerNodePolicy",
            "role": "aws-eks-I6x7UUT92021032110564215290000000c"
          },
          "sensitive_attributes": [],
          "private": "bnVsbA==",
          "dependencies": [
            "data.aws_availability_zones.available",
            "module.eks.aws_cloudwatch_log_group.this",
            "module.eks.aws_eks_cluster.this",
            "module.eks.aws_iam_role.cluster",
            "module.eks.aws_iam_role.workers",
            "module.eks.aws_iam_role_policy_attachment.cluster_AmazonEKSClusterPolicy",
            "module.eks.aws_iam_role_policy_attachment.cluster_AmazonEKSServicePolicy",
            "module.eks.aws_iam_role_policy_attachment.cluster_AmazonEKSVPCResourceControllerPolicy",
            "module.eks.aws_security_group.cluster",
            "module.eks.aws_security_group.workers",
            "module.eks.aws_security_group_rule.cluster_egress_internet",
            "module.eks.aws_security_group_rule.cluster_https_worker_ingress",
            "module.eks.data.aws_iam_policy_document.cluster_assume_role_policy",
            "module.eks.data.aws_iam_policy_document.workers_assume_role_policy",
            "module.eks.data.aws_iam_role.custom_cluster_iam_role",
            "module.eks.data.aws_partition.current",
            "module.vpc.aws_subnet.private",
            "module.vpc.aws_vpc.this",
            "module.vpc.aws_vpc_ipv4_cidr_block_association.this",
            "random_string.suffix"
          ],
          "create_before_destroy": true
        }
      ]
    },
    {
      "module": "module.eks",
      "mode": "managed",
      "type": "aws_iam_role_policy_attachment",
      "name": "workers_AmazonEKS_CNI_Policy",
      "provider": "provider[\"registry.terraform.io/hashicorp/aws\"]",
      "instances": [
        {
          "index_key": 0,
          "schema_version": 0,
          "attributes": {
            "id": "aws-eks-I6x7UUT92021032110564215290000000c-2021032110564791600000000f",
            "policy_arn": "arn:aws:iam::aws:policy/AmazonEKS_CNI_Policy",
            "role": "aws-eks-I6x7UUT92021032110564215290000000c"
          },
          "sensitive_attributes": [],
          "private": "bnVsbA==",
          "dependencies": [
            "data.aws_availability_zones.available",
            "module.eks.aws_cloudwatch_log_group.this",
            "module.eks.aws_eks_cluster.this",
            "module.eks.aws_iam_role.cluster",
            "module.eks.aws_iam_role.workers",
            "module.eks.aws_iam_role_policy_attachment.cluster_AmazonEKSClusterPolicy",
            "module.eks.aws_iam_role_policy_attachment.cluster_AmazonEKSServicePolicy",
            "module.eks.aws_iam_role_policy_attachment.cluster_AmazonEKSVPCResourceControllerPolicy",
            "module.eks.aws_security_group.cluster",
            "module.eks.aws_security_group.workers",
            "module.eks.aws_security_group_rule.cluster_egress_internet",
            "module.eks.aws_security_group_rule.cluster_https_worker_ingress",
            "module.eks.data.aws_iam_policy_document.cluster_assume_role_policy",
            "module.eks.data.aws_iam_policy_document.workers_assume_role_policy",
            "module.eks.data.aws_iam_role.custom_cluster_iam_role",
            "module.eks.data.aws_partition.current",
            "module.vpc.aws_subnet.private",
            "module.vpc.aws_vpc.this",
            "module.vpc.aws_vpc_ipv4_cidr_block_association.this",
            "random_string.suffix"
          ],
          "create_before_destroy": true
        }
      ]
    },
    {
      "module": "module.eks",
      "mode": "managed",
      "type": "aws_launch_configuration",
      "name": "workers",
      "provider": "provider[\"registry.terraform.io/hashicorp/aws\"]",
      "instances": [
        {
          "index_key": 0,
          "schema_version": 0,
          "attributes": {
            "arn": "arn:aws:autoscaling:ap-south-1:951961396593:launchConfiguration:6a8c9061-e70f-47ac-879f-440cecc8e327:launchConfigurationName/aws-eks-I6x7UUT9-worker-group-120210321105650881900000013",
            "associate_public_ip_address": false,
            "ebs_block_device": [],
            "ebs_optimized": false,
            "enable_monitoring": true,
            "ephemeral_block_device": [],
            "iam_instance_profile": "aws-eks-I6x7UUT92021032110564683530000000e",
            "id": "aws-eks-I6x7UUT9-worker-group-120210321105650881900000013",
            "image_id": "ami-099b297c3f5b37a04",
            "instance_type": "t2.small",
            "key_name": "",
            "metadata_options": [],
            "name": "aws-eks-I6x7UUT9-worker-group-120210321105650881900000013",
            "name_prefix": "aws-eks-I6x7UUT9-worker-group-1",
            "placement_tenancy": "",
            "root_block_device": [
              {
                "delete_on_termination": true,
                "encrypted": false,
                "iops": 0,
                "volume_size": 100,
                "volume_type": "gp2"
              }
            ],
            "security_groups": [
              "sg-0683f324e4dcdc2e8",
              "sg-0c3040c3eebd93ce0"
            ],
            "spot_price": "",
            "user_data": null,
            "user_data_base64": "IyEvYmluL2Jhc2ggLWUKCiMgQWxsb3cgdXNlciBzdXBwbGllZCBwcmUgdXNlcmRhdGEgY29kZQoKCiMgQm9vdHN0cmFwIGFuZCBqb2luIHRoZSBjbHVzdGVyCi9ldGMvZWtzL2Jvb3RzdHJhcC5zaCAtLWI2NC1jbHVzdGVyLWNhICdMUzB0TFMxQ1JVZEpUaUJEUlZKVVNVWkpRMEZVUlMwdExTMHRDazFKU1VNMWVrTkRRV01yWjBGM1NVSkJaMGxDUVVSQlRrSm5hM0ZvYTJsSE9YY3dRa0ZSYzBaQlJFRldUVkpOZDBWUldVUldVVkZFUlhkd2NtUlhTbXdLWTIwMWJHUkhWbnBOUWpSWVJGUkplRTFFVFhsTlZFVjNUa1JyZUU1V2IxaEVWRTE0VFVSTmVFOVVSWGRPUkd0NFRsWnZkMFpVUlZSTlFrVkhRVEZWUlFwQmVFMUxZVE5XYVZwWVNuVmFXRkpzWTNwRFEwRlRTWGRFVVZsS1MyOWFTV2gyWTA1QlVVVkNRbEZCUkdkblJWQkJSRU5EUVZGdlEyZG5SVUpCVUdjMUNsQkxZMHRvYjNkcFZtc3lkblkzU0RaTlNFVndhakpqYzJ0cWVtWjFVekYwTURsa2NIUTFWV0ZOTkZSc2EzRTBWRFZ3VnpSNk5HTlVOMDVWYjJsSlZ6WUtibk53VkhaaFMwdFNPREJwYW5GQ1RrTXdXVU5vU21WclJUZEVXRk5LZWtOWFlWQndhVVpOVmtNNU1XUnBZblpXS3pKUU5GQkxWR012TVVzeWNuUmFiZ293VFVFelV6VkphWFJ0ZVd0Wk9GWTBVRk5CVFN0cVNEZEZjVlpPWmt0MlJVVnlhMk5RU1ZjMFdGQTNWRU5rTlhRelNYVktNR1YwZDFSTVRWUnJUazVzQ21GWmNqaHZXazUyVWxkRk1sVnZaREpxT0RJdmFXeExPRkpKUm1SRU1WcFVTM2h1U1ROTFRXUkVVV1YwUkhOM1R6SkVhbkZrVVZwUk1WbEVjVXhJY2xZS2VrWlJkazgwTDI1SlVFdFFOWGhyZUVrM05UY3hRbEpsVUVGVk5XRnpNRzE2WmtoaFdYSXhlR0V6TUZCSFVucEJOV1J0VUd4RVJVdDBWRVpMTkhkNE53cENSamcwUmpaa1VpdE9hWE5JVTBkVFltTnpRMEYzUlVGQllVNURUVVZCZDBSbldVUldVakJRUVZGSUwwSkJVVVJCWjB0clRVRTRSMEV4VldSRmQwVkNDaTkzVVVaTlFVMUNRV1k0ZDBoUldVUldVakJQUWtKWlJVWkhURXBPUWpneFZGVnBUSFV3VW1WelIzUndVakJEYUU0M2RERk5RVEJIUTFOeFIxTkpZak1LUkZGRlFrTjNWVUZCTkVsQ1FWRkNRa0Y1ZDBwS1FVSkhSSEF5VWxveU4weEtVblF3U1drNVMyWmxjMWN6TDNobFVrdDFOelJNZWxFd1V6TkdZa1VyT1Fvd2FrNXJMelZEU21zeE1HVmlXR3hQVkhwc2IwUk5WVlpvUkZKR1VDczJXVFExVURWVU5FZE1Ra2RuY2tGdU56RkljRFJ5T0RGa09FZHhkRTVpZUhGbUNuVkVlazFrYVRGWlNVSlNXRTh2U2pJd0t6VTFZVUpEYW5wM1NYVlNabTVEV0ZSU2VtRmFNa1ZEWkdOelIwSlRTWFZoTmxjMGJXUTBWMHgwZEdWV2RqRUtlVzFOYTFScWVVbGlNRkozVFRCMGFXUjVUMk5QSzNKUlNWZHVORTl4VVZSVlRuaDJhRmhWUm1rck1FRnFiemRvUkRKYWNqbFlXWGRYUWtwUmFYWlplZ3BzV21sbWVWaEZaM00zYjIxeGJUTjFjV296VDNwc2JFdE9XRFJZVW1obE9YTnhZMnBsVTA0NFYxVmlTV0pNZEhnNGJFWk9NemgwT0daYVozRk1RUzlxQ25OMWNqRkxkVXgyVFVSa1NIaERlV2xOWlVaaFNFNWliREV6UVV4NE0xTkRUR0pvY1FvdExTMHRMVVZPUkNCRFJWSlVTVVpKUTBGVVJTMHRMUzB0Q2c9PScgLS1hcGlzZXJ2ZXItZW5kcG9pbnQgJ2h0dHBzOi8vRkRGMzc0ODdFNEU3Q0Y4MzcwMUYzRkREODdGOTBDRTYueWw0LmFwLXNvdXRoLTEuZWtzLmFtYXpvbmF3cy5jb20nICAtLWt1YmVsZXQtZXh0cmEtYXJncyAiIiAnYXdzLWVrcy1JNng3VVVUOScKCiMgQWxsb3cgdXNlciBzdXBwbGllZCB1c2VyZGF0YSBjb2RlCmVjaG8gSGVsbG8gd29ya2VyIGdyb3VwIDEK",
            "vpc_classic_link_id": "",
            "vpc_classic_link_security_groups": null
          },
          "sensitive_attributes": [],
          "private": "bnVsbA==",
          "dependencies": [
            "aws_security_group.worker_group_mgmt_one",
            "aws_security_group.worker_group_mgmt_two",
            "data.aws_availability_zones.available",
            "module.eks.aws_cloudwatch_log_group.this",
            "module.eks.aws_eks_cluster.this",
            "module.eks.aws_iam_instance_profile.workers",
            "module.eks.aws_iam_role.cluster",
            "module.eks.aws_iam_role.workers",
            "module.eks.aws_iam_role_policy_attachment.cluster_AmazonEKSClusterPolicy",
            "module.eks.aws_iam_role_policy_attachment.cluster_AmazonEKSServicePolicy",
            "module.eks.aws_iam_role_policy_attachment.cluster_AmazonEKSVPCResourceControllerPolicy",
            "module.eks.aws_iam_role_policy_attachment.workers_AmazonEC2ContainerRegistryReadOnly",
            "module.eks.aws_iam_role_policy_attachment.workers_AmazonEKSWorkerNodePolicy",
            "module.eks.aws_iam_role_policy_attachment.workers_AmazonEKS_CNI_Policy",
            "module.eks.aws_iam_role_policy_attachment.workers_additional_policies",
            "module.eks.aws_security_group.cluster",
            "module.eks.aws_security_group.workers",
            "module.eks.aws_security_group_rule.cluster_egress_internet",
            "module.eks.aws_security_group_rule.cluster_https_worker_ingress",
            "module.eks.aws_security_group_rule.cluster_primary_ingress_workers",
            "module.eks.aws_security_group_rule.workers_egress_internet",
            "module.eks.aws_security_group_rule.workers_ingress_cluster",
            "module.eks.aws_security_group_rule.workers_ingress_cluster_https",
            "module.eks.aws_security_group_rule.workers_ingress_cluster_kubelet",
            "module.eks.aws_security_group_rule.workers_ingress_cluster_primary",
            "module.eks.aws_security_group_rule.workers_ingress_self",
            "module.eks.data.aws_ami.eks_worker",
            "module.eks.data.aws_ami.eks_worker_windows",
            "module.eks.data.aws_iam_instance_profile.custom_worker_group_iam_instance_profile",
            "module.eks.data.aws_iam_policy_document.cluster_assume_role_policy",
            "module.eks.data.aws_iam_policy_document.workers_assume_role_policy",
            "module.eks.data.aws_iam_role.custom_cluster_iam_role",
            "module.eks.data.aws_partition.current",
            "module.eks.data.template_file.userdata",
            "module.vpc.aws_subnet.private",
            "module.vpc.aws_vpc.this",
            "module.vpc.aws_vpc_ipv4_cidr_block_association.this",
            "random_string.suffix"
          ],
          "create_before_destroy": true
        },
        {
          "index_key": 1,
          "schema_version": 0,
          "attributes": {
            "arn": "arn:aws:autoscaling:ap-south-1:951961396593:launchConfiguration:d9f13e1c-0f9f-411b-ab48-6c2afdf8b654:launchConfigurationName/aws-eks-I6x7UUT9-worker-group-220210321105650841000000012",
            "associate_public_ip_address": false,
            "ebs_block_device": [],
            "ebs_optimized": false,
            "enable_monitoring": true,
            "ephemeral_block_device": [],
            "iam_instance_profile": "aws-eks-I6x7UUT92021032110564683450000000d",
            "id": "aws-eks-I6x7UUT9-worker-group-220210321105650841000000012",
            "image_id": "ami-099b297c3f5b37a04",
            "instance_type": "t2.medium",
            "key_name": "",
            "metadata_options": [],
            "name": "aws-eks-I6x7UUT9-worker-group-220210321105650841000000012",
            "name_prefix": "aws-eks-I6x7UUT9-worker-group-2",
            "placement_tenancy": "",
            "root_block_device": [
              {
                "delete_on_termination": true,
                "encrypted": false,
                "iops": 0,
                "volume_size": 100,
                "volume_type": "gp2"
              }
            ],
            "security_groups": [
              "sg-00104ecbab9002a07",
              "sg-0683f324e4dcdc2e8"
            ],
            "spot_price": "",
            "user_data": null,
            "user_data_base64": "IyEvYmluL2Jhc2ggLWUKCiMgQWxsb3cgdXNlciBzdXBwbGllZCBwcmUgdXNlcmRhdGEgY29kZQoKCiMgQm9vdHN0cmFwIGFuZCBqb2luIHRoZSBjbHVzdGVyCi9ldGMvZWtzL2Jvb3RzdHJhcC5zaCAtLWI2NC1jbHVzdGVyLWNhICdMUzB0TFMxQ1JVZEpUaUJEUlZKVVNVWkpRMEZVUlMwdExTMHRDazFKU1VNMWVrTkRRV01yWjBGM1NVSkJaMGxDUVVSQlRrSm5hM0ZvYTJsSE9YY3dRa0ZSYzBaQlJFRldUVkpOZDBWUldVUldVVkZFUlhkd2NtUlhTbXdLWTIwMWJHUkhWbnBOUWpSWVJGUkplRTFFVFhsTlZFVjNUa1JyZUU1V2IxaEVWRTE0VFVSTmVFOVVSWGRPUkd0NFRsWnZkMFpVUlZSTlFrVkhRVEZWUlFwQmVFMUxZVE5XYVZwWVNuVmFXRkpzWTNwRFEwRlRTWGRFVVZsS1MyOWFTV2gyWTA1QlVVVkNRbEZCUkdkblJWQkJSRU5EUVZGdlEyZG5SVUpCVUdjMUNsQkxZMHRvYjNkcFZtc3lkblkzU0RaTlNFVndhakpqYzJ0cWVtWjFVekYwTURsa2NIUTFWV0ZOTkZSc2EzRTBWRFZ3VnpSNk5HTlVOMDVWYjJsSlZ6WUtibk53VkhaaFMwdFNPREJwYW5GQ1RrTXdXVU5vU21WclJUZEVXRk5LZWtOWFlWQndhVVpOVmtNNU1XUnBZblpXS3pKUU5GQkxWR012TVVzeWNuUmFiZ293VFVFelV6VkphWFJ0ZVd0Wk9GWTBVRk5CVFN0cVNEZEZjVlpPWmt0MlJVVnlhMk5RU1ZjMFdGQTNWRU5rTlhRelNYVktNR1YwZDFSTVRWUnJUazVzQ21GWmNqaHZXazUyVWxkRk1sVnZaREpxT0RJdmFXeExPRkpKUm1SRU1WcFVTM2h1U1ROTFRXUkVVV1YwUkhOM1R6SkVhbkZrVVZwUk1WbEVjVXhJY2xZS2VrWlJkazgwTDI1SlVFdFFOWGhyZUVrM05UY3hRbEpsVUVGVk5XRnpNRzE2WmtoaFdYSXhlR0V6TUZCSFVucEJOV1J0VUd4RVJVdDBWRVpMTkhkNE53cENSamcwUmpaa1VpdE9hWE5JVTBkVFltTnpRMEYzUlVGQllVNURUVVZCZDBSbldVUldVakJRUVZGSUwwSkJVVVJCWjB0clRVRTRSMEV4VldSRmQwVkNDaTkzVVVaTlFVMUNRV1k0ZDBoUldVUldVakJQUWtKWlJVWkhURXBPUWpneFZGVnBUSFV3VW1WelIzUndVakJEYUU0M2RERk5RVEJIUTFOeFIxTkpZak1LUkZGRlFrTjNWVUZCTkVsQ1FWRkNRa0Y1ZDBwS1FVSkhSSEF5VWxveU4weEtVblF3U1drNVMyWmxjMWN6TDNobFVrdDFOelJNZWxFd1V6TkdZa1VyT1Fvd2FrNXJMelZEU21zeE1HVmlXR3hQVkhwc2IwUk5WVlpvUkZKR1VDczJXVFExVURWVU5FZE1Ra2RuY2tGdU56RkljRFJ5T0RGa09FZHhkRTVpZUhGbUNuVkVlazFrYVRGWlNVSlNXRTh2U2pJd0t6VTFZVUpEYW5wM1NYVlNabTVEV0ZSU2VtRmFNa1ZEWkdOelIwSlRTWFZoTmxjMGJXUTBWMHgwZEdWV2RqRUtlVzFOYTFScWVVbGlNRkozVFRCMGFXUjVUMk5QSzNKUlNWZHVORTl4VVZSVlRuaDJhRmhWUm1rck1FRnFiemRvUkRKYWNqbFlXWGRYUWtwUmFYWlplZ3BzV21sbWVWaEZaM00zYjIxeGJUTjFjV296VDNwc2JFdE9XRFJZVW1obE9YTnhZMnBsVTA0NFYxVmlTV0pNZEhnNGJFWk9NemgwT0daYVozRk1RUzlxQ25OMWNqRkxkVXgyVFVSa1NIaERlV2xOWlVaaFNFNWliREV6UVV4NE0xTkRUR0pvY1FvdExTMHRMVVZPUkNCRFJWSlVTVVpKUTBGVVJTMHRMUzB0Q2c9PScgLS1hcGlzZXJ2ZXItZW5kcG9pbnQgJ2h0dHBzOi8vRkRGMzc0ODdFNEU3Q0Y4MzcwMUYzRkREODdGOTBDRTYueWw0LmFwLXNvdXRoLTEuZWtzLmFtYXpvbmF3cy5jb20nICAtLWt1YmVsZXQtZXh0cmEtYXJncyAiIiAnYXdzLWVrcy1JNng3VVVUOScKCiMgQWxsb3cgdXNlciBzdXBwbGllZCB1c2VyZGF0YSBjb2RlCmVjaG8gSGVsbG8gd29ya2VyIGdyb3VwIDIK",
            "vpc_classic_link_id": "",
            "vpc_classic_link_security_groups": null
          },
          "sensitive_attributes": [],
          "private": "bnVsbA==",
          "dependencies": [
            "aws_security_group.worker_group_mgmt_one",
            "aws_security_group.worker_group_mgmt_two",
            "data.aws_availability_zones.available",
            "module.eks.aws_cloudwatch_log_group.this",
            "module.eks.aws_eks_cluster.this",
            "module.eks.aws_iam_instance_profile.workers",
            "module.eks.aws_iam_role.cluster",
            "module.eks.aws_iam_role.workers",
            "module.eks.aws_iam_role_policy_attachment.cluster_AmazonEKSClusterPolicy",
            "module.eks.aws_iam_role_policy_attachment.cluster_AmazonEKSServicePolicy",
            "module.eks.aws_iam_role_policy_attachment.cluster_AmazonEKSVPCResourceControllerPolicy",
            "module.eks.aws_iam_role_policy_attachment.workers_AmazonEC2ContainerRegistryReadOnly",
            "module.eks.aws_iam_role_policy_attachment.workers_AmazonEKSWorkerNodePolicy",
            "module.eks.aws_iam_role_policy_attachment.workers_AmazonEKS_CNI_Policy",
            "module.eks.aws_iam_role_policy_attachment.workers_additional_policies",
            "module.eks.aws_security_group.cluster",
            "module.eks.aws_security_group.workers",
            "module.eks.aws_security_group_rule.cluster_egress_internet",
            "module.eks.aws_security_group_rule.cluster_https_worker_ingress",
            "module.eks.aws_security_group_rule.cluster_primary_ingress_workers",
            "module.eks.aws_security_group_rule.workers_egress_internet",
            "module.eks.aws_security_group_rule.workers_ingress_cluster",
            "module.eks.aws_security_group_rule.workers_ingress_cluster_https",
            "module.eks.aws_security_group_rule.workers_ingress_cluster_kubelet",
            "module.eks.aws_security_group_rule.workers_ingress_cluster_primary",
            "module.eks.aws_security_group_rule.workers_ingress_self",
            "module.eks.data.aws_ami.eks_worker",
            "module.eks.data.aws_ami.eks_worker_windows",
            "module.eks.data.aws_iam_instance_profile.custom_worker_group_iam_instance_profile",
            "module.eks.data.aws_iam_policy_document.cluster_assume_role_policy",
            "module.eks.data.aws_iam_policy_document.workers_assume_role_policy",
            "module.eks.data.aws_iam_role.custom_cluster_iam_role",
            "module.eks.data.aws_partition.current",
            "module.eks.data.template_file.userdata",
            "module.vpc.aws_subnet.private",
            "module.vpc.aws_vpc.this",
            "module.vpc.aws_vpc_ipv4_cidr_block_association.this",
            "random_string.suffix"
          ],
          "create_before_destroy": true
        }
      ]
    },
    {
      "module": "module.eks",
      "mode": "managed",
      "type": "aws_security_group",
      "name": "cluster",
      "provider": "provider[\"registry.terraform.io/hashicorp/aws\"]",
      "instances": [
        {
          "index_key": 0,
          "schema_version": 1,
          "attributes": {
            "arn": "arn:aws:ec2:ap-south-1:951961396593:security-group/sg-04f8561ff351fa0df",
            "description": "EKS cluster security group.",
            "egress": [],
            "id": "sg-04f8561ff351fa0df",
            "ingress": [],
            "name": "aws-eks-I6x7UUT92021032110433433540000000b",
            "name_prefix": "aws-eks-I6x7UUT9",
            "owner_id": "951961396593",
            "revoke_rules_on_delete": false,
            "tags": {
              "Environment": "development",
              "GitHubOrg": "terraform-aws-modules",
              "GithubRepo": "terraform-aws-eks",
              "Name": "aws-eks-I6x7UUT9-eks_cluster_sg"
            },
            "timeouts": null,
            "vpc_id": "vpc-0c34f072de9c35474"
          },
          "sensitive_attributes": [],
          "private": "eyJlMmJmYjczMC1lY2FhLTExZTYtOGY4OC0zNDM2M2JjN2M0YzAiOnsiY3JlYXRlIjo2MDAwMDAwMDAwMDAsImRlbGV0ZSI6NjAwMDAwMDAwMDAwfSwic2NoZW1hX3ZlcnNpb24iOiIxIn0=",
          "dependencies": [
            "module.vpc.aws_vpc.this",
            "random_string.suffix"
          ],
          "create_before_destroy": true
        }
      ]
    },
    {
      "module": "module.eks",
      "mode": "managed",
      "type": "aws_security_group",
      "name": "workers",
      "provider": "provider[\"registry.terraform.io/hashicorp/aws\"]",
      "instances": [
        {
          "index_key": 0,
          "schema_version": 1,
          "attributes": {
            "arn": "arn:aws:ec2:ap-south-1:951961396593:security-group/sg-0683f324e4dcdc2e8",
            "description": "Security group for all nodes in the cluster.",
            "egress": [],
            "id": "sg-0683f324e4dcdc2e8",
            "ingress": [],
            "name": "aws-eks-I6x7UUT92021032110433407770000000a",
            "name_prefix": "aws-eks-I6x7UUT9",
            "owner_id": "951961396593",
            "revoke_rules_on_delete": false,
            "tags": {
              "Environment": "development",
              "GitHubOrg": "terraform-aws-modules",
              "GithubRepo": "terraform-aws-eks",
              "Name": "aws-eks-I6x7UUT9-eks_worker_sg",
              "kubernetes.io/cluster/aws-eks-I6x7UUT9": "owned"
            },
            "timeouts": null,
            "vpc_id": "vpc-0c34f072de9c35474"
          },
          "sensitive_attributes": [],
          "private": "eyJlMmJmYjczMC1lY2FhLTExZTYtOGY4OC0zNDM2M2JjN2M0YzAiOnsiY3JlYXRlIjo2MDAwMDAwMDAwMDAsImRlbGV0ZSI6NjAwMDAwMDAwMDAwfSwic2NoZW1hX3ZlcnNpb24iOiIxIn0=",
          "dependencies": [
            "module.vpc.aws_vpc.this",
            "random_string.suffix"
          ],
          "create_before_destroy": true
        }
      ]
    },
    {
      "module": "module.eks",
      "mode": "managed",
      "type": "aws_security_group_rule",
      "name": "cluster_egress_internet",
      "provider": "provider[\"registry.terraform.io/hashicorp/aws\"]",
      "instances": [
        {
          "index_key": 0,
          "schema_version": 2,
          "attributes": {
            "cidr_blocks": [
              "0.0.0.0/0"
            ],
            "description": "Allow cluster egress access to the Internet.",
            "from_port": 0,
            "id": "sgrule-3394109201",
            "ipv6_cidr_blocks": null,
            "prefix_list_ids": null,
            "protocol": "-1",
            "security_group_id": "sg-04f8561ff351fa0df",
            "self": false,
            "source_security_group_id": null,
            "to_port": 0,
            "type": "egress"
          },
          "sensitive_attributes": [],
          "private": "eyJzY2hlbWFfdmVyc2lvbiI6IjIifQ==",
          "dependencies": [
            "module.eks.aws_security_group.cluster",
            "module.vpc.aws_vpc.this",
            "random_string.suffix"
          ],
          "create_before_destroy": true
        }
      ]
    },
    {
      "module": "module.eks",
      "mode": "managed",
      "type": "aws_security_group_rule",
      "name": "cluster_https_worker_ingress",
      "provider": "provider[\"registry.terraform.io/hashicorp/aws\"]",
      "instances": [
        {
          "index_key": 0,
          "schema_version": 2,
          "attributes": {
            "cidr_blocks": null,
            "description": "Allow pods to communicate with the EKS cluster API.",
            "from_port": 443,
            "id": "sgrule-4099376896",
            "ipv6_cidr_blocks": null,
            "prefix_list_ids": null,
            "protocol": "tcp",
            "security_group_id": "sg-04f8561ff351fa0df",
            "self": false,
            "source_security_group_id": "sg-0683f324e4dcdc2e8",
            "to_port": 443,
            "type": "ingress"
          },
          "sensitive_attributes": [],
          "private": "eyJzY2hlbWFfdmVyc2lvbiI6IjIifQ==",
          "dependencies": [
            "module.eks.aws_security_group.cluster",
            "module.eks.aws_security_group.workers",
            "module.vpc.aws_vpc.this",
            "random_string.suffix"
          ],
          "create_before_destroy": true
        }
      ]
    },
    {
      "module": "module.eks",
      "mode": "managed",
      "type": "aws_security_group_rule",
      "name": "workers_egress_internet",
      "provider": "provider[\"registry.terraform.io/hashicorp/aws\"]",
      "instances": [
        {
          "index_key": 0,
          "schema_version": 2,
          "attributes": {
            "cidr_blocks": [
              "0.0.0.0/0"
            ],
            "description": "Allow nodes all egress to the Internet.",
            "from_port": 0,
            "id": "sgrule-3004757390",
            "ipv6_cidr_blocks": null,
            "prefix_list_ids": null,
            "protocol": "-1",
            "security_group_id": "sg-0683f324e4dcdc2e8",
            "self": false,
            "source_security_group_id": null,
            "to_port": 0,
            "type": "egress"
          },
          "sensitive_attributes": [],
          "private": "eyJzY2hlbWFfdmVyc2lvbiI6IjIifQ==",
          "dependencies": [
            "module.eks.aws_security_group.workers",
            "module.vpc.aws_vpc.this",
            "random_string.suffix"
          ],
          "create_before_destroy": true
        }
      ]
    },
    {
      "module": "module.eks",
      "mode": "managed",
      "type": "aws_security_group_rule",
      "name": "workers_ingress_cluster",
      "provider": "provider[\"registry.terraform.io/hashicorp/aws\"]",
      "instances": [
        {
          "index_key": 0,
          "schema_version": 2,
          "attributes": {
            "cidr_blocks": null,
            "description": "Allow workers pods to receive communication from the cluster control plane.",
            "from_port": 1025,
            "id": "sgrule-3760494839",
            "ipv6_cidr_blocks": null,
            "prefix_list_ids": null,
            "protocol": "tcp",
            "security_group_id": "sg-0683f324e4dcdc2e8",
            "self": false,
            "source_security_group_id": "sg-04f8561ff351fa0df",
            "to_port": 65535,
            "type": "ingress"
          },
          "sensitive_attributes": [],
          "private": "eyJzY2hlbWFfdmVyc2lvbiI6IjIifQ==",
          "dependencies": [
            "module.eks.aws_security_group.cluster",
            "module.eks.aws_security_group.workers",
            "module.vpc.aws_vpc.this",
            "random_string.suffix"
          ],
          "create_before_destroy": true
        }
      ]
    },
    {
      "module": "module.eks",
      "mode": "managed",
      "type": "aws_security_group_rule",
      "name": "workers_ingress_cluster_https",
      "provider": "provider[\"registry.terraform.io/hashicorp/aws\"]",
      "instances": [
        {
          "index_key": 0,
          "schema_version": 2,
          "attributes": {
            "cidr_blocks": null,
            "description": "Allow pods running extension API servers on port 443 to receive communication from cluster control plane.",
            "from_port": 443,
            "id": "sgrule-36973619",
            "ipv6_cidr_blocks": null,
            "prefix_list_ids": null,
            "protocol": "tcp",
            "security_group_id": "sg-0683f324e4dcdc2e8",
            "self": false,
            "source_security_group_id": "sg-04f8561ff351fa0df",
            "to_port": 443,
            "type": "ingress"
          },
          "sensitive_attributes": [],
          "private": "eyJzY2hlbWFfdmVyc2lvbiI6IjIifQ==",
          "dependencies": [
            "module.eks.aws_security_group.cluster",
            "module.eks.aws_security_group.workers",
            "module.vpc.aws_vpc.this",
            "random_string.suffix"
          ],
          "create_before_destroy": true
        }
      ]
    },
    {
      "module": "module.eks",
      "mode": "managed",
      "type": "aws_security_group_rule",
      "name": "workers_ingress_self",
      "provider": "provider[\"registry.terraform.io/hashicorp/aws\"]",
      "instances": [
        {
          "index_key": 0,
          "schema_version": 2,
          "attributes": {
            "cidr_blocks": null,
            "description": "Allow node to communicate with each other.",
            "from_port": 0,
            "id": "sgrule-698216275",
            "ipv6_cidr_blocks": null,
            "prefix_list_ids": null,
            "protocol": "-1",
            "security_group_id": "sg-0683f324e4dcdc2e8",
            "self": false,
            "source_security_group_id": "sg-0683f324e4dcdc2e8",
            "to_port": 65535,
            "type": "ingress"
          },
          "sensitive_attributes": [],
          "private": "eyJzY2hlbWFfdmVyc2lvbiI6IjIifQ==",
          "dependencies": [
            "module.eks.aws_security_group.workers",
            "module.vpc.aws_vpc.this",
            "random_string.suffix"
          ],
          "create_before_destroy": true
        }
      ]
    },
    {
      "module": "module.eks",
      "mode": "managed",
      "type": "kubernetes_config_map",
      "name": "aws_auth",
      "provider": "provider[\"registry.terraform.io/hashicorp/kubernetes\"]",
      "instances": [
        {
          "index_key": 0,
          "schema_version": 0,
          "attributes": {
            "binary_data": null,
            "data": {
              "mapAccounts": "[]\n",
              "mapRoles": "- \"groups\":\n  - \"system:bootstrappers\"\n  - \"system:nodes\"\n  \"rolearn\": \"arn:aws:iam::951961396593:role/aws-eks-I6x7UUT92021032110564215290000000c\"\n  \"username\": \"system:node:{{EC2PrivateDNSName}}\"\n",
              "mapUsers": "[]\n"
            },
            "id": "kube-system/aws-auth",
            "metadata": [
              {
                "annotations": null,
                "generate_name": "",
                "generation": 0,
                "labels": {
                  "app.kubernetes.io/managed-by": "Terraform",
                  "terraform.io/module": "terraform-aws-modules.eks.aws"
                },
                "name": "aws-auth",
                "namespace": "kube-system",
                "resource_version": "1194",
                "self_link": "",
                "uid": "491420ba-0f12-44a1-830b-9b92e01a4778"
              }
            ]
          },
          "sensitive_attributes": [],
          "private": "bnVsbA==",
          "dependencies": [
            "aws_security_group.worker_group_mgmt_one",
            "aws_security_group.worker_group_mgmt_two",
            "data.aws_availability_zones.available",
            "data.aws_eks_cluster.cluster",
            "module.eks.aws_cloudwatch_log_group.this",
            "module.eks.aws_eks_cluster.this",
            "module.eks.aws_iam_instance_profile.workers",
            "module.eks.aws_iam_instance_profile.workers_launch_template",
            "module.eks.aws_iam_role.cluster",
            "module.eks.aws_iam_role.workers",
            "module.eks.aws_iam_role_policy_attachment.cluster_AmazonEKSClusterPolicy",
            "module.eks.aws_iam_role_policy_attachment.cluster_AmazonEKSServicePolicy",
            "module.eks.aws_iam_role_policy_attachment.cluster_AmazonEKSVPCResourceControllerPolicy",
            "module.eks.aws_security_group.cluster",
            "module.eks.aws_security_group.workers",
            "module.eks.aws_security_group_rule.cluster_egress_internet",
            "module.eks.aws_security_group_rule.cluster_https_worker_ingress",
            "module.eks.aws_security_group_rule.cluster_private_access",
            "module.eks.data.aws_ami.eks_worker",
            "module.eks.data.aws_caller_identity.current",
            "module.eks.data.aws_iam_instance_profile.custom_worker_group_iam_instance_profile",
            "module.eks.data.aws_iam_instance_profile.custom_worker_group_launch_template_iam_instance_profile",
            "module.eks.data.aws_iam_policy_document.cluster_assume_role_policy",
            "module.eks.data.aws_iam_policy_document.workers_assume_role_policy",
            "module.eks.data.aws_iam_role.custom_cluster_iam_role",
            "module.eks.data.aws_partition.current",
            "module.eks.module.fargate.aws_iam_role.eks_fargate_pod",
            "module.eks.module.fargate.data.aws_iam_role.custom_fargate_iam_role",
            "module.eks.null_resource.wait_for_cluster",
            "module.vpc.aws_subnet.private",
            "module.vpc.aws_vpc.this",
            "module.vpc.aws_vpc_ipv4_cidr_block_association.this",
            "random_string.suffix"
          ]
        }
      ]
    },
    {
      "module": "module.eks",
      "mode": "managed",
      "type": "local_file",
      "name": "kubeconfig",
      "provider": "provider[\"registry.terraform.io/hashicorp/local\"]",
      "instances": [
        {
          "index_key": 0,
          "schema_version": 0,
          "attributes": {
            "content": "apiVersion: v1\npreferences: {}\nkind: Config\n\nclusters:\n- cluster:\n    server: https://FDF37487E4E7CF83701F3FDD87F90CE6.yl4.ap-south-1.eks.amazonaws.com\n    certificate-authority-data: LS0tLS1CRUdJTiBDRVJUSUZJQ0FURS0tLS0tCk1JSUM1ekNDQWMrZ0F3SUJBZ0lCQURBTkJna3Foa2lHOXcwQkFRc0ZBREFWTVJNd0VRWURWUVFERXdwcmRXSmwKY201bGRHVnpNQjRYRFRJeE1ETXlNVEV3TkRreE5Wb1hEVE14TURNeE9URXdORGt4TlZvd0ZURVRNQkVHQTFVRQpBeE1LYTNWaVpYSnVaWFJsY3pDQ0FTSXdEUVlKS29aSWh2Y05BUUVCQlFBRGdnRVBBRENDQVFvQ2dnRUJBUGc1ClBLY0tob3dpVmsydnY3SDZNSEVwajJjc2tqemZ1UzF0MDlkcHQ1VWFNNFRsa3E0VDVwVzR6NGNUN05Vb2lJVzYKbnNwVHZhS0tSODBpanFCTkMwWUNoSmVrRTdEWFNKekNXYVBwaUZNVkM5MWRpYnZWKzJQNFBLVGMvMUsycnRabgowTUEzUzVJaXRteWtZOFY0UFNBTStqSDdFcVZOZkt2RUVya2NQSVc0WFA3VENkNXQzSXVKMGV0d1RMTVRrTk5sCmFZcjhvWk52UldFMlVvZDJqODIvaWxLOFJJRmREMVpUS3huSTNLTWREUWV0RHN3TzJEanFkUVpRMVlEcUxIclYKekZRdk80L25JUEtQNXhreEk3NTcxQlJlUEFVNWFzMG16ZkhhWXIxeGEzMFBHUnpBNWRtUGxERUt0VEZLNHd4NwpCRjg0RjZkUitOaXNIU0dTYmNzQ0F3RUFBYU5DTUVBd0RnWURWUjBQQVFIL0JBUURBZ0trTUE4R0ExVWRFd0VCCi93UUZNQU1CQWY4d0hRWURWUjBPQkJZRUZHTEpOQjgxVFVpTHUwUmVzR3RwUjBDaE43dDFNQTBHQ1NxR1NJYjMKRFFFQkN3VUFBNElCQVFCQkF5d0pKQUJHRHAyUloyN0xKUnQwSWk5S2Zlc1czL3hlUkt1NzRMelEwUzNGYkUrOQowak5rLzVDSmsxMGViWGxPVHpsb0RNVVZoRFJGUCs2WTQ1UDVUNEdMQkdnckFuNzFIcDRyODFkOEdxdE5ieHFmCnVEek1kaTFZSUJSWE8vSjIwKzU1YUJDanp3SXVSZm5DWFRSemFaMkVDZGNzR0JTSXVhNlc0bWQ0V0x0dGVWdjEKeW1Na1RqeUliMFJ3TTB0aWR5T2NPK3JRSVduNE9xUVRVTnh2aFhVRmkrMEFqbzdoRDJacjlYWXdXQkpRaXZZegpsWmlmeVhFZ3M3b21xbTN1cWozT3psbEtOWDRYUmhlOXNxY2plU044V1ViSWJMdHg4bEZOMzh0OGZaZ3FMQS9qCnN1cjFLdUx2TURkSHhDeWlNZUZhSE5ibDEzQUx4M1NDTGJocQotLS0tLUVORCBDRVJUSUZJQ0FURS0tLS0tCg==\n  name: eks_aws-eks-I6x7UUT9\n\ncontexts:\n- context:\n    cluster: eks_aws-eks-I6x7UUT9\n    user: eks_aws-eks-I6x7UUT9\n  name: eks_aws-eks-I6x7UUT9\n\ncurrent-context: eks_aws-eks-I6x7UUT9\n\nusers:\n- name: eks_aws-eks-I6x7UUT9\n  user:\n    exec:\n      apiVersion: client.authentication.k8s.io/v1alpha1\n      command: aws-iam-authenticator\n      args:\n        - \"token\"\n        - \"-i\"\n        - \"aws-eks-I6x7UUT9\"\n",
            "content_base64": null,
            "directory_permission": "0755",
            "file_permission": "0644",
            "filename": "./kubeconfig_aws-eks-I6x7UUT9",
            "id": "27a3058dd70a2753f2ff7c998486ae65a60d9bab",
            "sensitive_content": null,
            "source": null
          },
          "sensitive_attributes": [],
          "private": "bnVsbA==",
          "dependencies": [
            "data.aws_availability_zones.available",
            "module.eks.aws_cloudwatch_log_group.this",
            "module.eks.aws_eks_cluster.this",
            "module.eks.aws_iam_role.cluster",
            "module.eks.aws_iam_role_policy_attachment.cluster_AmazonEKSClusterPolicy",
            "module.eks.aws_iam_role_policy_attachment.cluster_AmazonEKSServicePolicy",
            "module.eks.aws_iam_role_policy_attachment.cluster_AmazonEKSVPCResourceControllerPolicy",
            "module.eks.aws_security_group.cluster",
            "module.eks.aws_security_group.workers",
            "module.eks.aws_security_group_rule.cluster_egress_internet",
            "module.eks.aws_security_group_rule.cluster_https_worker_ingress",
            "module.eks.data.aws_iam_policy_document.cluster_assume_role_policy",
            "module.eks.data.aws_iam_role.custom_cluster_iam_role",
            "module.eks.data.aws_partition.current",
            "module.vpc.aws_subnet.private",
            "module.vpc.aws_vpc.this",
            "module.vpc.aws_vpc_ipv4_cidr_block_association.this",
            "random_string.suffix"
          ]
        }
      ]
    },
    {
      "module": "module.eks",
      "mode": "managed",
      "type": "null_resource",
      "name": "wait_for_cluster",
      "provider": "provider[\"registry.terraform.io/hashicorp/null\"]",
      "instances": [
        {
          "index_key": 0,
          "schema_version": 0,
          "attributes": {
            "id": "8402794832529687039",
            "triggers": null
          },
          "sensitive_attributes": [],
          "private": "bnVsbA==",
          "dependencies": [
            "data.aws_availability_zones.available",
            "module.eks.aws_cloudwatch_log_group.this",
            "module.eks.aws_eks_cluster.this",
            "module.eks.aws_iam_role.cluster",
            "module.eks.aws_iam_role_policy_attachment.cluster_AmazonEKSClusterPolicy",
            "module.eks.aws_iam_role_policy_attachment.cluster_AmazonEKSServicePolicy",
            "module.eks.aws_iam_role_policy_attachment.cluster_AmazonEKSVPCResourceControllerPolicy",
            "module.eks.aws_security_group.cluster",
            "module.eks.aws_security_group.workers",
            "module.eks.aws_security_group_rule.cluster_egress_internet",
            "module.eks.aws_security_group_rule.cluster_https_worker_ingress",
            "module.eks.aws_security_group_rule.cluster_private_access",
            "module.eks.data.aws_iam_policy_document.cluster_assume_role_policy",
            "module.eks.data.aws_iam_role.custom_cluster_iam_role",
            "module.eks.data.aws_partition.current",
            "module.vpc.aws_subnet.private",
            "module.vpc.aws_vpc.this",
            "module.vpc.aws_vpc_ipv4_cidr_block_association.this",
            "random_string.suffix"
          ]
        }
      ]
    },
    {
      "module": "module.eks",
      "mode": "managed",
      "type": "random_pet",
      "name": "workers",
      "provider": "provider[\"registry.terraform.io/hashicorp/random\"]",
      "instances": [
        {
          "index_key": 0,
          "schema_version": 0,
          "attributes": {
            "id": "pretty-monarch",
            "keepers": {
              "lc_name": "aws-eks-I6x7UUT9-worker-group-120210321105650881900000013"
            },
            "length": 2,
            "prefix": null,
            "separator": "-"
          },
          "sensitive_attributes": [],
          "private": "bnVsbA==",
          "dependencies": [
            "aws_security_group.worker_group_mgmt_one",
            "aws_security_group.worker_group_mgmt_two",
            "data.aws_availability_zones.available",
            "module.eks.aws_cloudwatch_log_group.this",
            "module.eks.aws_eks_cluster.this",
            "module.eks.aws_iam_instance_profile.workers",
            "module.eks.aws_iam_role.cluster",
            "module.eks.aws_iam_role.workers",
            "module.eks.aws_iam_role_policy_attachment.cluster_AmazonEKSClusterPolicy",
            "module.eks.aws_iam_role_policy_attachment.cluster_AmazonEKSServicePolicy",
            "module.eks.aws_iam_role_policy_attachment.cluster_AmazonEKSVPCResourceControllerPolicy",
            "module.eks.aws_iam_role_policy_attachment.workers_AmazonEC2ContainerRegistryReadOnly",
            "module.eks.aws_iam_role_policy_attachment.workers_AmazonEKSWorkerNodePolicy",
            "module.eks.aws_iam_role_policy_attachment.workers_AmazonEKS_CNI_Policy",
            "module.eks.aws_iam_role_policy_attachment.workers_additional_policies",
            "module.eks.aws_launch_configuration.workers",
            "module.eks.aws_security_group.cluster",
            "module.eks.aws_security_group.workers",
            "module.eks.aws_security_group_rule.cluster_egress_internet",
            "module.eks.aws_security_group_rule.cluster_https_worker_ingress",
            "module.eks.aws_security_group_rule.cluster_primary_ingress_workers",
            "module.eks.aws_security_group_rule.workers_egress_internet",
            "module.eks.aws_security_group_rule.workers_ingress_cluster",
            "module.eks.aws_security_group_rule.workers_ingress_cluster_https",
            "module.eks.aws_security_group_rule.workers_ingress_cluster_kubelet",
            "module.eks.aws_security_group_rule.workers_ingress_cluster_primary",
            "module.eks.aws_security_group_rule.workers_ingress_self",
            "module.eks.data.aws_ami.eks_worker",
            "module.eks.data.aws_ami.eks_worker_windows",
            "module.eks.data.aws_iam_instance_profile.custom_worker_group_iam_instance_profile",
            "module.eks.data.aws_iam_policy_document.cluster_assume_role_policy",
            "module.eks.data.aws_iam_policy_document.workers_assume_role_policy",
            "module.eks.data.aws_iam_role.custom_cluster_iam_role",
            "module.eks.data.aws_partition.current",
            "module.eks.data.template_file.userdata",
            "module.vpc.aws_subnet.private",
            "module.vpc.aws_vpc.this",
            "module.vpc.aws_vpc_ipv4_cidr_block_association.this",
            "random_string.suffix"
          ],
          "create_before_destroy": true
        },
        {
          "index_key": 1,
          "schema_version": 0,
          "attributes": {
            "id": "steady-cowbird",
            "keepers": {
              "lc_name": "aws-eks-I6x7UUT9-worker-group-220210321105650841000000012"
            },
            "length": 2,
            "prefix": null,
            "separator": "-"
          },
          "sensitive_attributes": [],
          "private": "bnVsbA==",
          "dependencies": [
            "aws_security_group.worker_group_mgmt_one",
            "aws_security_group.worker_group_mgmt_two",
            "data.aws_availability_zones.available",
            "module.eks.aws_cloudwatch_log_group.this",
            "module.eks.aws_eks_cluster.this",
            "module.eks.aws_iam_instance_profile.workers",
            "module.eks.aws_iam_role.cluster",
            "module.eks.aws_iam_role.workers",
            "module.eks.aws_iam_role_policy_attachment.cluster_AmazonEKSClusterPolicy",
            "module.eks.aws_iam_role_policy_attachment.cluster_AmazonEKSServicePolicy",
            "module.eks.aws_iam_role_policy_attachment.cluster_AmazonEKSVPCResourceControllerPolicy",
            "module.eks.aws_iam_role_policy_attachment.workers_AmazonEC2ContainerRegistryReadOnly",
            "module.eks.aws_iam_role_policy_attachment.workers_AmazonEKSWorkerNodePolicy",
            "module.eks.aws_iam_role_policy_attachment.workers_AmazonEKS_CNI_Policy",
            "module.eks.aws_iam_role_policy_attachment.workers_additional_policies",
            "module.eks.aws_launch_configuration.workers",
            "module.eks.aws_security_group.cluster",
            "module.eks.aws_security_group.workers",
            "module.eks.aws_security_group_rule.cluster_egress_internet",
            "module.eks.aws_security_group_rule.cluster_https_worker_ingress",
            "module.eks.aws_security_group_rule.cluster_primary_ingress_workers",
            "module.eks.aws_security_group_rule.workers_egress_internet",
            "module.eks.aws_security_group_rule.workers_ingress_cluster",
            "module.eks.aws_security_group_rule.workers_ingress_cluster_https",
            "module.eks.aws_security_group_rule.workers_ingress_cluster_kubelet",
            "module.eks.aws_security_group_rule.workers_ingress_cluster_primary",
            "module.eks.aws_security_group_rule.workers_ingress_self",
            "module.eks.data.aws_ami.eks_worker",
            "module.eks.data.aws_ami.eks_worker_windows",
            "module.eks.data.aws_iam_instance_profile.custom_worker_group_iam_instance_profile",
            "module.eks.data.aws_iam_policy_document.cluster_assume_role_policy",
            "module.eks.data.aws_iam_policy_document.workers_assume_role_policy",
            "module.eks.data.aws_iam_role.custom_cluster_iam_role",
            "module.eks.data.aws_partition.current",
            "module.eks.data.template_file.userdata",
            "module.vpc.aws_subnet.private",
            "module.vpc.aws_vpc.this",
            "module.vpc.aws_vpc_ipv4_cidr_block_association.this",
            "random_string.suffix"
          ],
          "create_before_destroy": true
        }
      ]
    },
    {
      "module": "module.vpc",
      "mode": "managed",
      "type": "aws_eip",
      "name": "nat",
      "provider": "provider[\"registry.terraform.io/hashicorp/aws\"]",
      "instances": [
        {
          "index_key": 0,
          "schema_version": 0,
          "attributes": {
            "allocation_id": null,
            "associate_with_private_ip": null,
            "association_id": "",
            "carrier_ip": "",
            "customer_owned_ip": "",
            "customer_owned_ipv4_pool": "",
            "domain": "vpc",
            "id": "eipalloc-09bdb271ed5f3289b",
            "instance": "",
            "network_border_group": "ap-south-1",
            "network_interface": "",
            "private_dns": null,
            "private_ip": "",
            "public_dns": "ec2-13-234-254-55.ap-south-1.compute.amazonaws.com",
            "public_ip": "13.234.254.55",
            "public_ipv4_pool": "amazon",
            "tags": {
              "Name": "aws-eks-vpc-ap-south-1a",
              "kubernetes.io/cluster/aws-eks-I6x7UUT9": "shared"
            },
            "timeouts": null,
            "vpc": true
          },
          "sensitive_attributes": [],
          "private": "eyJlMmJmYjczMC1lY2FhLTExZTYtOGY4OC0zNDM2M2JjN2M0YzAiOnsiZGVsZXRlIjoxODAwMDAwMDAwMDAsInJlYWQiOjkwMDAwMDAwMDAwMCwidXBkYXRlIjozMDAwMDAwMDAwMDB9fQ==",
          "dependencies": [
            "data.aws_availability_zones.available",
            "random_string.suffix"
          ]
        }
      ]
    },
    {
      "module": "module.vpc",
      "mode": "managed",
      "type": "aws_internet_gateway",
      "name": "this",
      "provider": "provider[\"registry.terraform.io/hashicorp/aws\"]",
      "instances": [
        {
          "index_key": 0,
          "schema_version": 0,
          "attributes": {
            "arn": "arn:aws:ec2:ap-south-1:951961396593:internet-gateway/igw-0a2bd82850cdd0b5b",
            "id": "igw-0a2bd82850cdd0b5b",
            "owner_id": "951961396593",
            "tags": {
              "Name": "aws-eks-vpc",
              "kubernetes.io/cluster/aws-eks-I6x7UUT9": "shared"
            },
            "vpc_id": "vpc-0c34f072de9c35474"
          },
          "sensitive_attributes": [],
          "private": "bnVsbA==",
          "dependencies": [
            "module.vpc.aws_vpc.this",
            "module.vpc.aws_vpc_ipv4_cidr_block_association.this",
            "random_string.suffix"
          ]
        }
      ]
    },
    {
      "module": "module.vpc",
      "mode": "managed",
      "type": "aws_nat_gateway",
      "name": "this",
      "provider": "provider[\"registry.terraform.io/hashicorp/aws\"]",
      "instances": [
        {
          "index_key": 0,
          "schema_version": 0,
          "attributes": {
            "allocation_id": "eipalloc-09bdb271ed5f3289b",
            "id": "nat-0f9382a2d23d3ca3e",
            "network_interface_id": "eni-016a4a4d461cac644",
            "private_ip": "10.0.4.158",
            "public_ip": "13.234.254.55",
            "subnet_id": "subnet-01a24adc616bcea63",
            "tags": {
              "Name": "aws-eks-vpc-ap-south-1a",
              "kubernetes.io/cluster/aws-eks-I6x7UUT9": "shared"
            }
          },
          "sensitive_attributes": [],
          "private": "bnVsbA==",
          "dependencies": [
            "data.aws_availability_zones.available",
            "module.vpc.aws_eip.nat",
            "module.vpc.aws_internet_gateway.this",
            "module.vpc.aws_subnet.public",
            "module.vpc.aws_vpc.this",
            "module.vpc.aws_vpc_ipv4_cidr_block_association.this",
            "random_string.suffix"
          ]
        }
      ]
    },
    {
      "module": "module.vpc",
      "mode": "managed",
      "type": "aws_route",
      "name": "private_nat_gateway",
      "provider": "provider[\"registry.terraform.io/hashicorp/aws\"]",
      "instances": [
        {
          "index_key": 0,
          "schema_version": 0,
          "attributes": {
            "destination_cidr_block": "0.0.0.0/0",
            "destination_ipv6_cidr_block": "",
            "destination_prefix_list_id": "",
            "egress_only_gateway_id": "",
            "gateway_id": "",
            "id": "r-rtb-07300ac81f3d0bcb51080289494",
            "instance_id": "",
            "instance_owner_id": "",
            "local_gateway_id": "",
            "nat_gateway_id": "nat-0f9382a2d23d3ca3e",
            "network_interface_id": "",
            "origin": "CreateRoute",
            "route_table_id": "rtb-07300ac81f3d0bcb5",
            "state": "active",
            "timeouts": {
              "create": "5m",
              "delete": null
            },
            "transit_gateway_id": "",
            "vpc_endpoint_id": null,
            "vpc_peering_connection_id": ""
          },
          "sensitive_attributes": [],
          "private": "eyJlMmJmYjczMC1lY2FhLTExZTYtOGY4OC0zNDM2M2JjN2M0YzAiOnsiY3JlYXRlIjozMDAwMDAwMDAwMDAsImRlbGV0ZSI6MzAwMDAwMDAwMDAwfX0=",
          "dependencies": [
            "data.aws_availability_zones.available",
            "module.vpc.aws_eip.nat",
            "module.vpc.aws_internet_gateway.this",
            "module.vpc.aws_nat_gateway.this",
            "module.vpc.aws_route_table.private",
            "module.vpc.aws_subnet.public",
            "module.vpc.aws_vpc.this",
            "module.vpc.aws_vpc_ipv4_cidr_block_association.this",
            "random_string.suffix"
          ]
        }
      ]
    },
    {
      "module": "module.vpc",
      "mode": "managed",
      "type": "aws_route",
      "name": "public_internet_gateway",
      "provider": "provider[\"registry.terraform.io/hashicorp/aws\"]",
      "instances": [
        {
          "index_key": 0,
          "schema_version": 0,
          "attributes": {
            "destination_cidr_block": "0.0.0.0/0",
            "destination_ipv6_cidr_block": "",
            "destination_prefix_list_id": "",
            "egress_only_gateway_id": "",
            "gateway_id": "igw-0a2bd82850cdd0b5b",
            "id": "r-rtb-02e7b2ea4bf49f5fe1080289494",
            "instance_id": "",
            "instance_owner_id": "",
            "local_gateway_id": "",
            "nat_gateway_id": "",
            "network_interface_id": "",
            "origin": "CreateRoute",
            "route_table_id": "rtb-02e7b2ea4bf49f5fe",
            "state": "active",
            "timeouts": {
              "create": "5m",
              "delete": null
            },
            "transit_gateway_id": "",
            "vpc_endpoint_id": null,
            "vpc_peering_connection_id": ""
          },
          "sensitive_attributes": [],
          "private": "eyJlMmJmYjczMC1lY2FhLTExZTYtOGY4OC0zNDM2M2JjN2M0YzAiOnsiY3JlYXRlIjozMDAwMDAwMDAwMDAsImRlbGV0ZSI6MzAwMDAwMDAwMDAwfX0=",
          "dependencies": [
            "module.vpc.aws_internet_gateway.this",
            "module.vpc.aws_route_table.public",
            "module.vpc.aws_vpc.this",
            "module.vpc.aws_vpc_ipv4_cidr_block_association.this",
            "random_string.suffix"
          ]
        }
      ]
    },
    {
      "module": "module.vpc",
      "mode": "managed",
      "type": "aws_route_table",
      "name": "private",
      "provider": "provider[\"registry.terraform.io/hashicorp/aws\"]",
      "instances": [
        {
          "index_key": 0,
          "schema_version": 0,
          "attributes": {
            "id": "rtb-07300ac81f3d0bcb5",
            "owner_id": "951961396593",
            "propagating_vgws": [],
            "route": [],
            "tags": {
              "Name": "aws-eks-vpc-private",
              "kubernetes.io/cluster/aws-eks-I6x7UUT9": "shared"
            },
            "vpc_id": "vpc-0c34f072de9c35474"
          },
          "sensitive_attributes": [],
          "private": "bnVsbA==",
          "dependencies": [
            "data.aws_availability_zones.available",
            "module.vpc.aws_vpc.this",
            "module.vpc.aws_vpc_ipv4_cidr_block_association.this",
            "random_string.suffix"
          ]
        }
      ]
    },
    {
      "module": "module.vpc",
      "mode": "managed",
      "type": "aws_route_table",
      "name": "public",
      "provider": "provider[\"registry.terraform.io/hashicorp/aws\"]",
      "instances": [
        {
          "index_key": 0,
          "schema_version": 0,
          "attributes": {
            "id": "rtb-02e7b2ea4bf49f5fe",
            "owner_id": "951961396593",
            "propagating_vgws": [],
            "route": [],
            "tags": {
              "Name": "aws-eks-vpc-public",
              "kubernetes.io/cluster/aws-eks-I6x7UUT9": "shared"
            },
            "vpc_id": "vpc-0c34f072de9c35474"
          },
          "sensitive_attributes": [],
          "private": "bnVsbA==",
          "dependencies": [
            "module.vpc.aws_vpc.this",
            "module.vpc.aws_vpc_ipv4_cidr_block_association.this",
            "random_string.suffix"
          ]
        }
      ]
    },
    {
      "module": "module.vpc",
      "mode": "managed",
      "type": "aws_route_table_association",
      "name": "private",
      "provider": "provider[\"registry.terraform.io/hashicorp/aws\"]",
      "instances": [
        {
          "index_key": 0,
          "schema_version": 0,
          "attributes": {
            "gateway_id": null,
            "id": "rtbassoc-0e351feb6d4477653",
            "route_table_id": "rtb-07300ac81f3d0bcb5",
            "subnet_id": "subnet-0db4d4c4a4d55d21e"
          },
          "sensitive_attributes": [],
          "private": "bnVsbA==",
          "dependencies": [
            "data.aws_availability_zones.available",
            "module.vpc.aws_route_table.private",
            "module.vpc.aws_subnet.private",
            "module.vpc.aws_vpc.this",
            "module.vpc.aws_vpc_ipv4_cidr_block_association.this",
            "random_string.suffix"
          ]
        },
        {
          "index_key": 1,
          "schema_version": 0,
          "attributes": {
            "gateway_id": null,
            "id": "rtbassoc-0fbaffc57d0c2bd45",
            "route_table_id": "rtb-07300ac81f3d0bcb5",
            "subnet_id": "subnet-0b3963e88f7060333"
          },
          "sensitive_attributes": [],
          "private": "bnVsbA==",
          "dependencies": [
            "data.aws_availability_zones.available",
            "module.vpc.aws_route_table.private",
            "module.vpc.aws_subnet.private",
            "module.vpc.aws_vpc.this",
            "module.vpc.aws_vpc_ipv4_cidr_block_association.this",
            "random_string.suffix"
          ]
        },
        {
          "index_key": 2,
          "schema_version": 0,
          "attributes": {
            "gateway_id": null,
            "id": "rtbassoc-0d96e240ed8ee153a",
            "route_table_id": "rtb-07300ac81f3d0bcb5",
            "subnet_id": "subnet-0902b4676c55d6c5a"
          },
          "sensitive_attributes": [],
          "private": "bnVsbA==",
          "dependencies": [
            "data.aws_availability_zones.available",
            "module.vpc.aws_route_table.private",
            "module.vpc.aws_subnet.private",
            "module.vpc.aws_vpc.this",
            "module.vpc.aws_vpc_ipv4_cidr_block_association.this",
            "random_string.suffix"
          ]
        }
      ]
    },
    {
      "module": "module.vpc",
      "mode": "managed",
      "type": "aws_route_table_association",
      "name": "public",
      "provider": "provider[\"registry.terraform.io/hashicorp/aws\"]",
      "instances": [
        {
          "index_key": 0,
          "schema_version": 0,
          "attributes": {
            "gateway_id": null,
            "id": "rtbassoc-0ad9e6c4e0ee9e8a4",
            "route_table_id": "rtb-02e7b2ea4bf49f5fe",
            "subnet_id": "subnet-01a24adc616bcea63"
          },
          "sensitive_attributes": [],
          "private": "bnVsbA==",
          "dependencies": [
            "data.aws_availability_zones.available",
            "module.vpc.aws_route_table.public",
            "module.vpc.aws_subnet.public",
            "module.vpc.aws_vpc.this",
            "module.vpc.aws_vpc_ipv4_cidr_block_association.this",
            "random_string.suffix"
          ]
        },
        {
          "index_key": 1,
          "schema_version": 0,
          "attributes": {
            "gateway_id": null,
            "id": "rtbassoc-06b93421d375d7b76",
            "route_table_id": "rtb-02e7b2ea4bf49f5fe",
            "subnet_id": "subnet-0227502fdc71ccb41"
          },
          "sensitive_attributes": [],
          "private": "bnVsbA==",
          "dependencies": [
            "data.aws_availability_zones.available",
            "module.vpc.aws_route_table.public",
            "module.vpc.aws_subnet.public",
            "module.vpc.aws_vpc.this",
            "module.vpc.aws_vpc_ipv4_cidr_block_association.this",
            "random_string.suffix"
          ]
        },
        {
          "index_key": 2,
          "schema_version": 0,
          "attributes": {
            "gateway_id": null,
            "id": "rtbassoc-0404f1daa4f383f8c",
            "route_table_id": "rtb-02e7b2ea4bf49f5fe",
            "subnet_id": "subnet-011dbbec24c283a5f"
          },
          "sensitive_attributes": [],
          "private": "bnVsbA==",
          "dependencies": [
            "data.aws_availability_zones.available",
            "module.vpc.aws_route_table.public",
            "module.vpc.aws_subnet.public",
            "module.vpc.aws_vpc.this",
            "module.vpc.aws_vpc_ipv4_cidr_block_association.this",
            "random_string.suffix"
          ]
        }
      ]
    },
    {
      "module": "module.vpc",
      "mode": "managed",
      "type": "aws_subnet",
      "name": "private",
      "provider": "provider[\"registry.terraform.io/hashicorp/aws\"]",
      "instances": [
        {
          "index_key": 0,
          "schema_version": 1,
          "attributes": {
            "arn": "arn:aws:ec2:ap-south-1:951961396593:subnet/subnet-0db4d4c4a4d55d21e",
            "assign_ipv6_address_on_creation": false,
            "availability_zone": "ap-south-1a",
            "availability_zone_id": "aps1-az1",
            "cidr_block": "10.0.1.0/24",
            "customer_owned_ipv4_pool": "",
            "id": "subnet-0db4d4c4a4d55d21e",
            "ipv6_cidr_block": "",
            "ipv6_cidr_block_association_id": "",
            "map_customer_owned_ip_on_launch": false,
            "map_public_ip_on_launch": false,
            "outpost_arn": "",
            "owner_id": "951961396593",
            "tags": {
              "Name": "aws-eks-vpc-private-ap-south-1a",
              "kubernetes.io/cluster/aws-eks-I6x7UUT9": "shared",
              "kubernetes.io/role/internal-elb": "1"
            },
            "tags_all": {
              "Name": "aws-eks-vpc-private-ap-south-1a",
              "kubernetes.io/cluster/aws-eks-I6x7UUT9": "shared",
              "kubernetes.io/role/internal-elb": "1"
            },
            "timeouts": null,
            "vpc_id": "vpc-0c34f072de9c35474"
          },
          "sensitive_attributes": [],
          "private": "eyJlMmJmYjczMC1lY2FhLTExZTYtOGY4OC0zNDM2M2JjN2M0YzAiOnsiY3JlYXRlIjo2MDAwMDAwMDAwMDAsImRlbGV0ZSI6MTIwMDAwMDAwMDAwMH0sInNjaGVtYV92ZXJzaW9uIjoiMSJ9",
          "dependencies": [
            "data.aws_availability_zones.available",
            "module.vpc.aws_vpc.this",
            "module.vpc.aws_vpc_ipv4_cidr_block_association.this",
            "random_string.suffix"
          ],
          "create_before_destroy": true
        },
        {
          "index_key": 1,
          "schema_version": 1,
          "attributes": {
            "arn": "arn:aws:ec2:ap-south-1:951961396593:subnet/subnet-0b3963e88f7060333",
            "assign_ipv6_address_on_creation": false,
            "availability_zone": "ap-south-1b",
            "availability_zone_id": "aps1-az3",
            "cidr_block": "10.0.2.0/24",
            "customer_owned_ipv4_pool": "",
            "id": "subnet-0b3963e88f7060333",
            "ipv6_cidr_block": "",
            "ipv6_cidr_block_association_id": "",
            "map_customer_owned_ip_on_launch": false,
            "map_public_ip_on_launch": false,
            "outpost_arn": "",
            "owner_id": "951961396593",
            "tags": {
              "Name": "aws-eks-vpc-private-ap-south-1b",
              "kubernetes.io/cluster/aws-eks-I6x7UUT9": "shared",
              "kubernetes.io/role/internal-elb": "1"
            },
            "tags_all": {
              "Name": "aws-eks-vpc-private-ap-south-1b",
              "kubernetes.io/cluster/aws-eks-I6x7UUT9": "shared",
              "kubernetes.io/role/internal-elb": "1"
            },
            "timeouts": null,
            "vpc_id": "vpc-0c34f072de9c35474"
          },
          "sensitive_attributes": [],
          "private": "eyJlMmJmYjczMC1lY2FhLTExZTYtOGY4OC0zNDM2M2JjN2M0YzAiOnsiY3JlYXRlIjo2MDAwMDAwMDAwMDAsImRlbGV0ZSI6MTIwMDAwMDAwMDAwMH0sInNjaGVtYV92ZXJzaW9uIjoiMSJ9",
          "dependencies": [
            "data.aws_availability_zones.available",
            "module.vpc.aws_vpc.this",
            "module.vpc.aws_vpc_ipv4_cidr_block_association.this",
            "random_string.suffix"
          ],
          "create_before_destroy": true
        },
        {
          "index_key": 2,
          "schema_version": 1,
          "attributes": {
            "arn": "arn:aws:ec2:ap-south-1:951961396593:subnet/subnet-0902b4676c55d6c5a",
            "assign_ipv6_address_on_creation": false,
            "availability_zone": "ap-south-1c",
            "availability_zone_id": "aps1-az2",
            "cidr_block": "10.0.3.0/24",
            "customer_owned_ipv4_pool": "",
            "id": "subnet-0902b4676c55d6c5a",
            "ipv6_cidr_block": "",
            "ipv6_cidr_block_association_id": "",
            "map_customer_owned_ip_on_launch": false,
            "map_public_ip_on_launch": false,
            "outpost_arn": "",
            "owner_id": "951961396593",
            "tags": {
              "Name": "aws-eks-vpc-private-ap-south-1c",
              "kubernetes.io/cluster/aws-eks-I6x7UUT9": "shared",
              "kubernetes.io/role/internal-elb": "1"
            },
            "tags_all": {
              "Name": "aws-eks-vpc-private-ap-south-1c",
              "kubernetes.io/cluster/aws-eks-I6x7UUT9": "shared",
              "kubernetes.io/role/internal-elb": "1"
            },
            "timeouts": null,
            "vpc_id": "vpc-0c34f072de9c35474"
          },
          "sensitive_attributes": [],
          "private": "eyJlMmJmYjczMC1lY2FhLTExZTYtOGY4OC0zNDM2M2JjN2M0YzAiOnsiY3JlYXRlIjo2MDAwMDAwMDAwMDAsImRlbGV0ZSI6MTIwMDAwMDAwMDAwMH0sInNjaGVtYV92ZXJzaW9uIjoiMSJ9",
          "dependencies": [
            "data.aws_availability_zones.available",
            "module.vpc.aws_vpc.this",
            "module.vpc.aws_vpc_ipv4_cidr_block_association.this",
            "random_string.suffix"
          ],
          "create_before_destroy": true
        }
      ]
    },
    {
      "module": "module.vpc",
      "mode": "managed",
      "type": "aws_subnet",
      "name": "public",
      "provider": "provider[\"registry.terraform.io/hashicorp/aws\"]",
      "instances": [
        {
          "index_key": 0,
          "schema_version": 1,
          "attributes": {
            "arn": "arn:aws:ec2:ap-south-1:951961396593:subnet/subnet-01a24adc616bcea63",
            "assign_ipv6_address_on_creation": false,
            "availability_zone": "ap-south-1a",
            "availability_zone_id": "aps1-az1",
            "cidr_block": "10.0.4.0/24",
            "customer_owned_ipv4_pool": "",
            "id": "subnet-01a24adc616bcea63",
            "ipv6_cidr_block": "",
            "ipv6_cidr_block_association_id": "",
            "map_customer_owned_ip_on_launch": false,
            "map_public_ip_on_launch": true,
            "outpost_arn": "",
            "owner_id": "951961396593",
            "tags": {
              "Name": "aws-eks-vpc-public-ap-south-1a",
              "kubernetes.io/cluster/aws-eks-I6x7UUT9": "shared",
              "kubernetes.io/role/elb": "1"
            },
            "tags_all": {
              "Name": "aws-eks-vpc-public-ap-south-1a",
              "kubernetes.io/cluster/aws-eks-I6x7UUT9": "shared",
              "kubernetes.io/role/elb": "1"
            },
            "timeouts": null,
            "vpc_id": "vpc-0c34f072de9c35474"
          },
          "sensitive_attributes": [],
          "private": "eyJlMmJmYjczMC1lY2FhLTExZTYtOGY4OC0zNDM2M2JjN2M0YzAiOnsiY3JlYXRlIjo2MDAwMDAwMDAwMDAsImRlbGV0ZSI6MTIwMDAwMDAwMDAwMH0sInNjaGVtYV92ZXJzaW9uIjoiMSJ9",
          "dependencies": [
            "data.aws_availability_zones.available",
            "module.vpc.aws_vpc.this",
            "module.vpc.aws_vpc_ipv4_cidr_block_association.this",
            "random_string.suffix"
          ]
        },
        {
          "index_key": 1,
          "schema_version": 1,
          "attributes": {
            "arn": "arn:aws:ec2:ap-south-1:951961396593:subnet/subnet-0227502fdc71ccb41",
            "assign_ipv6_address_on_creation": false,
            "availability_zone": "ap-south-1b",
            "availability_zone_id": "aps1-az3",
            "cidr_block": "10.0.5.0/24",
            "customer_owned_ipv4_pool": "",
            "id": "subnet-0227502fdc71ccb41",
            "ipv6_cidr_block": "",
            "ipv6_cidr_block_association_id": "",
            "map_customer_owned_ip_on_launch": false,
            "map_public_ip_on_launch": true,
            "outpost_arn": "",
            "owner_id": "951961396593",
            "tags": {
              "Name": "aws-eks-vpc-public-ap-south-1b",
              "kubernetes.io/cluster/aws-eks-I6x7UUT9": "shared",
              "kubernetes.io/role/elb": "1"
            },
            "tags_all": {
              "Name": "aws-eks-vpc-public-ap-south-1b",
              "kubernetes.io/cluster/aws-eks-I6x7UUT9": "shared",
              "kubernetes.io/role/elb": "1"
            },
            "timeouts": null,
            "vpc_id": "vpc-0c34f072de9c35474"
          },
          "sensitive_attributes": [],
          "private": "eyJlMmJmYjczMC1lY2FhLTExZTYtOGY4OC0zNDM2M2JjN2M0YzAiOnsiY3JlYXRlIjo2MDAwMDAwMDAwMDAsImRlbGV0ZSI6MTIwMDAwMDAwMDAwMH0sInNjaGVtYV92ZXJzaW9uIjoiMSJ9",
          "dependencies": [
            "data.aws_availability_zones.available",
            "module.vpc.aws_vpc.this",
            "module.vpc.aws_vpc_ipv4_cidr_block_association.this",
            "random_string.suffix"
          ]
        },
        {
          "index_key": 2,
          "schema_version": 1,
          "attributes": {
            "arn": "arn:aws:ec2:ap-south-1:951961396593:subnet/subnet-011dbbec24c283a5f",
            "assign_ipv6_address_on_creation": false,
            "availability_zone": "ap-south-1c",
            "availability_zone_id": "aps1-az2",
            "cidr_block": "10.0.6.0/24",
            "customer_owned_ipv4_pool": "",
            "id": "subnet-011dbbec24c283a5f",
            "ipv6_cidr_block": "",
            "ipv6_cidr_block_association_id": "",
            "map_customer_owned_ip_on_launch": false,
            "map_public_ip_on_launch": true,
            "outpost_arn": "",
            "owner_id": "951961396593",
            "tags": {
              "Name": "aws-eks-vpc-public-ap-south-1c",
              "kubernetes.io/cluster/aws-eks-I6x7UUT9": "shared",
              "kubernetes.io/role/elb": "1"
            },
            "tags_all": {
              "Name": "aws-eks-vpc-public-ap-south-1c",
              "kubernetes.io/cluster/aws-eks-I6x7UUT9": "shared",
              "kubernetes.io/role/elb": "1"
            },
            "timeouts": null,
            "vpc_id": "vpc-0c34f072de9c35474"
          },
          "sensitive_attributes": [],
          "private": "eyJlMmJmYjczMC1lY2FhLTExZTYtOGY4OC0zNDM2M2JjN2M0YzAiOnsiY3JlYXRlIjo2MDAwMDAwMDAwMDAsImRlbGV0ZSI6MTIwMDAwMDAwMDAwMH0sInNjaGVtYV92ZXJzaW9uIjoiMSJ9",
          "dependencies": [
            "data.aws_availability_zones.available",
            "module.vpc.aws_vpc.this",
            "module.vpc.aws_vpc_ipv4_cidr_block_association.this",
            "random_string.suffix"
          ]
        }
      ]
    },
    {
      "module": "module.vpc",
      "mode": "managed",
      "type": "aws_vpc",
      "name": "this",
      "provider": "provider[\"registry.terraform.io/hashicorp/aws\"]",
      "instances": [
        {
          "index_key": 0,
          "schema_version": 1,
          "attributes": {
            "arn": "arn:aws:ec2:ap-south-1:951961396593:vpc/vpc-0c34f072de9c35474",
            "assign_generated_ipv6_cidr_block": false,
            "cidr_block": "10.0.0.0/16",
            "default_network_acl_id": "acl-04acaa5b9971ef915",
            "default_route_table_id": "rtb-0ea23621a6e7179c9",
            "default_security_group_id": "sg-0427ac41b68d0e52c",
            "dhcp_options_id": "dopt-8841bfe3",
            "enable_classiclink": null,
            "enable_classiclink_dns_support": null,
            "enable_dns_hostnames": true,
            "enable_dns_support": true,
            "id": "vpc-0c34f072de9c35474",
            "instance_tenancy": "default",
            "ipv6_association_id": "",
            "ipv6_cidr_block": "",
            "main_route_table_id": "rtb-0ea23621a6e7179c9",
            "owner_id": "951961396593",
            "tags": {
              "Name": "aws-eks-vpc",
              "kubernetes.io/cluster/aws-eks-I6x7UUT9": "shared"
            },
            "tags_all": {
              "Name": "aws-eks-vpc",
              "kubernetes.io/cluster/aws-eks-I6x7UUT9": "shared"
            }
          },
          "sensitive_attributes": [],
          "private": "eyJzY2hlbWFfdmVyc2lvbiI6IjEifQ==",
          "dependencies": [
            "random_string.suffix"
          ],
          "create_before_destroy": true
        }
      ]
    }
  ]
}
